// !$*UTF8*$!
{
	archiveVersion = 1;
	classes = {
	};
	objectVersion = 56;
	objects = {

/* Begin PBXBuildFile section */
		53989DA32AC3C01400243A82 /* OptionCell.swift in Sources */ = {isa = PBXBuildFile; fileRef = 53989DA12AC3C01400243A82 /* OptionCell.swift */; };
		53989DA42AC3C01400243A82 /* OptionCell.xib in Resources */ = {isa = PBXBuildFile; fileRef = 53989DA22AC3C01400243A82 /* OptionCell.xib */; };
		53989DA72AC3C13F00243A82 /* CategoryCell.swift in Sources */ = {isa = PBXBuildFile; fileRef = 53989DA52AC3C13F00243A82 /* CategoryCell.swift */; };
		53989DA82AC3C13F00243A82 /* CategoryCell.xib in Resources */ = {isa = PBXBuildFile; fileRef = 53989DA62AC3C13F00243A82 /* CategoryCell.xib */; };
		53AF85732AC3B69300C1AB10 /* Banner.swift in Sources */ = {isa = PBXBuildFile; fileRef = 53AF85722AC3B69300C1AB10 /* Banner.swift */; };
		53AF85762AC3B71400C1AB10 /* BannerCell.swift in Sources */ = {isa = PBXBuildFile; fileRef = 53AF85742AC3B71400C1AB10 /* BannerCell.swift */; };
		53AF85772AC3B71400C1AB10 /* BannerCell.xib in Resources */ = {isa = PBXBuildFile; fileRef = 53AF85752AC3B71400C1AB10 /* BannerCell.xib */; };
		53AF85792AC3B9D900C1AB10 /* Coupon.swift in Sources */ = {isa = PBXBuildFile; fileRef = 53AF85782AC3B9D900C1AB10 /* Coupon.swift */; };
		53AF857B2AC3B9E100C1AB10 /* Option.swift in Sources */ = {isa = PBXBuildFile; fileRef = 53AF857A2AC3B9E100C1AB10 /* Option.swift */; };
		53AF857D2AC3B9E600C1AB10 /* Category.swift in Sources */ = {isa = PBXBuildFile; fileRef = 53AF857C2AC3B9E600C1AB10 /* Category.swift */; };
		53AF85832AC3BB5400C1AB10 /* CouponCell.swift in Sources */ = {isa = PBXBuildFile; fileRef = 53AF85812AC3BB5400C1AB10 /* CouponCell.swift */; };
		53AF85842AC3BB5400C1AB10 /* CouponCell.xib in Resources */ = {isa = PBXBuildFile; fileRef = 53AF85822AC3BB5400C1AB10 /* CouponCell.xib */; };
		53AF85872AC3BD4C00C1AB10 /* SearchViewCell.swift in Sources */ = {isa = PBXBuildFile; fileRef = 53AF85852AC3BD4C00C1AB10 /* SearchViewCell.swift */; };
		53AF85882AC3BD4C00C1AB10 /* SearchViewCell.xib in Resources */ = {isa = PBXBuildFile; fileRef = 53AF85862AC3BD4C00C1AB10 /* SearchViewCell.xib */; };
		53B32C8F2ABEA966009378E6 /* AppDelegate.swift in Sources */ = {isa = PBXBuildFile; fileRef = 53B32C8E2ABEA966009378E6 /* AppDelegate.swift */; };
		53B32C912ABEA966009378E6 /* SceneDelegate.swift in Sources */ = {isa = PBXBuildFile; fileRef = 53B32C902ABEA966009378E6 /* SceneDelegate.swift */; };
		53B32C982ABEA967009378E6 /* Assets.xcassets in Resources */ = {isa = PBXBuildFile; fileRef = 53B32C972ABEA967009378E6 /* Assets.xcassets */; };
		53B32C9B2ABEA967009378E6 /* LaunchScreen.storyboard in Resources */ = {isa = PBXBuildFile; fileRef = 53B32C992ABEA967009378E6 /* LaunchScreen.storyboard */; };
		53B32CA42ABFD59C009378E6 /* SnapKit in Frameworks */ = {isa = PBXBuildFile; productRef = 53B32CA32ABFD59C009378E6 /* SnapKit */; };
		53B32CAE2ABFE2E8009378E6 /* HomeViewController.swift in Sources */ = {isa = PBXBuildFile; fileRef = 53B32CAD2ABFE2E8009378E6 /* HomeViewController.swift */; };
		53B32CB12ABFEE13009378E6 /* SafeAreaBrush in Frameworks */ = {isa = PBXBuildFile; productRef = 53B32CB02ABFEE13009378E6 /* SafeAreaBrush */; };
		53B32CB32ABFF750009378E6 /* TabBarController.swift in Sources */ = {isa = PBXBuildFile; fileRef = 53B32CB22ABFF750009378E6 /* TabBarController.swift */; };
		53B32CB52ABFF7CE009378E6 /* SearchViewController.swift in Sources */ = {isa = PBXBuildFile; fileRef = 53B32CB42ABFF7CE009378E6 /* SearchViewController.swift */; };
		53B32CB72ABFF7E1009378E6 /* FavoriteViewController.swift in Sources */ = {isa = PBXBuildFile; fileRef = 53B32CB62ABFF7E1009378E6 /* FavoriteViewController.swift */; };
		53B32CB92ABFF7F4009378E6 /* OrderedListViewController.swift in Sources */ = {isa = PBXBuildFile; fileRef = 53B32CB82ABFF7F4009378E6 /* OrderedListViewController.swift */; };
		53B32CBB2ABFF805009378E6 /* MyBMViewController.swift in Sources */ = {isa = PBXBuildFile; fileRef = 53B32CBA2ABFF805009378E6 /* MyBMViewController.swift */; };
		53B32CBD2ABFFB95009378E6 /* BMEuljiro10yearslaterOTF.otf in Resources */ = {isa = PBXBuildFile; fileRef = 53B32CBC2ABFFB95009378E6 /* BMEuljiro10yearslaterOTF.otf */; };
/* End PBXBuildFile section */

/* Begin PBXFileReference section */
		53989DA12AC3C01400243A82 /* OptionCell.swift */ = {isa = PBXFileReference; lastKnownFileType = sourcecode.swift; path = OptionCell.swift; sourceTree = "<group>"; };
		53989DA22AC3C01400243A82 /* OptionCell.xib */ = {isa = PBXFileReference; lastKnownFileType = file.xib; path = OptionCell.xib; sourceTree = "<group>"; };
		53989DA52AC3C13F00243A82 /* CategoryCell.swift */ = {isa = PBXFileReference; lastKnownFileType = sourcecode.swift; path = CategoryCell.swift; sourceTree = "<group>"; };
		53989DA62AC3C13F00243A82 /* CategoryCell.xib */ = {isa = PBXFileReference; lastKnownFileType = file.xib; path = CategoryCell.xib; sourceTree = "<group>"; };
		53AF85722AC3B69300C1AB10 /* Banner.swift */ = {isa = PBXFileReference; lastKnownFileType = sourcecode.swift; path = Banner.swift; sourceTree = "<group>"; };
		53AF85742AC3B71400C1AB10 /* BannerCell.swift */ = {isa = PBXFileReference; lastKnownFileType = sourcecode.swift; path = BannerCell.swift; sourceTree = "<group>"; };
		53AF85752AC3B71400C1AB10 /* BannerCell.xib */ = {isa = PBXFileReference; lastKnownFileType = file.xib; path = BannerCell.xib; sourceTree = "<group>"; };
		53AF85782AC3B9D900C1AB10 /* Coupon.swift */ = {isa = PBXFileReference; lastKnownFileType = sourcecode.swift; path = Coupon.swift; sourceTree = "<group>"; };
		53AF857A2AC3B9E100C1AB10 /* Option.swift */ = {isa = PBXFileReference; lastKnownFileType = sourcecode.swift; path = Option.swift; sourceTree = "<group>"; };
		53AF857C2AC3B9E600C1AB10 /* Category.swift */ = {isa = PBXFileReference; lastKnownFileType = sourcecode.swift; path = Category.swift; sourceTree = "<group>"; };
		53AF85812AC3BB5400C1AB10 /* CouponCell.swift */ = {isa = PBXFileReference; lastKnownFileType = sourcecode.swift; path = CouponCell.swift; sourceTree = "<group>"; };
		53AF85822AC3BB5400C1AB10 /* CouponCell.xib */ = {isa = PBXFileReference; lastKnownFileType = file.xib; path = CouponCell.xib; sourceTree = "<group>"; };
		53AF85852AC3BD4C00C1AB10 /* SearchViewCell.swift */ = {isa = PBXFileReference; lastKnownFileType = sourcecode.swift; path = SearchViewCell.swift; sourceTree = "<group>"; };
		53AF85862AC3BD4C00C1AB10 /* SearchViewCell.xib */ = {isa = PBXFileReference; lastKnownFileType = file.xib; path = SearchViewCell.xib; sourceTree = "<group>"; };
		53B32C8B2ABEA966009378E6 /* FirstMission.app */ = {isa = PBXFileReference; explicitFileType = wrapper.application; includeInIndex = 0; path = FirstMission.app; sourceTree = BUILT_PRODUCTS_DIR; };
		53B32C8E2ABEA966009378E6 /* AppDelegate.swift */ = {isa = PBXFileReference; lastKnownFileType = sourcecode.swift; path = AppDelegate.swift; sourceTree = "<group>"; };
		53B32C902ABEA966009378E6 /* SceneDelegate.swift */ = {isa = PBXFileReference; lastKnownFileType = sourcecode.swift; path = SceneDelegate.swift; sourceTree = "<group>"; };
		53B32C972ABEA967009378E6 /* Assets.xcassets */ = {isa = PBXFileReference; lastKnownFileType = folder.assetcatalog; path = Assets.xcassets; sourceTree = "<group>"; };
		53B32C9A2ABEA967009378E6 /* Base */ = {isa = PBXFileReference; lastKnownFileType = file.storyboard; name = Base; path = Base.lproj/LaunchScreen.storyboard; sourceTree = "<group>"; };
		53B32C9C2ABEA967009378E6 /* Info.plist */ = {isa = PBXFileReference; lastKnownFileType = text.plist.xml; path = Info.plist; sourceTree = "<group>"; };
		53B32CAD2ABFE2E8009378E6 /* HomeViewController.swift */ = {isa = PBXFileReference; lastKnownFileType = sourcecode.swift; path = HomeViewController.swift; sourceTree = "<group>"; };
		53B32CB22ABFF750009378E6 /* TabBarController.swift */ = {isa = PBXFileReference; lastKnownFileType = sourcecode.swift; path = TabBarController.swift; sourceTree = "<group>"; };
		53B32CB42ABFF7CE009378E6 /* SearchViewController.swift */ = {isa = PBXFileReference; lastKnownFileType = sourcecode.swift; path = SearchViewController.swift; sourceTree = "<group>"; };
		53B32CB62ABFF7E1009378E6 /* FavoriteViewController.swift */ = {isa = PBXFileReference; lastKnownFileType = sourcecode.swift; path = FavoriteViewController.swift; sourceTree = "<group>"; };
		53B32CB82ABFF7F4009378E6 /* OrderedListViewController.swift */ = {isa = PBXFileReference; lastKnownFileType = sourcecode.swift; path = OrderedListViewController.swift; sourceTree = "<group>"; };
		53B32CBA2ABFF805009378E6 /* MyBMViewController.swift */ = {isa = PBXFileReference; lastKnownFileType = sourcecode.swift; path = MyBMViewController.swift; sourceTree = "<group>"; };
		53B32CBC2ABFFB95009378E6 /* BMEuljiro10yearslaterOTF.otf */ = {isa = PBXFileReference; lastKnownFileType = file; path = BMEuljiro10yearslaterOTF.otf; sourceTree = "<group>"; };
/* End PBXFileReference section */

/* Begin PBXFrameworksBuildPhase section */
		53B32C882ABEA966009378E6 /* Frameworks */ = {
			isa = PBXFrameworksBuildPhase;
			buildActionMask = 2147483647;
			files = (
				53B32CA42ABFD59C009378E6 /* SnapKit in Frameworks */,
				53B32CB12ABFEE13009378E6 /* SafeAreaBrush in Frameworks */,
			);
			runOnlyForDeploymentPostprocessing = 0;
		};
/* End PBXFrameworksBuildPhase section */

/* Begin PBXGroup section */
		53AF85012AC2531000C1AB10 /* Home */ = {
			isa = PBXGroup;
			children = (
				53B32CAD2ABFE2E8009378E6 /* HomeViewController.swift */,
				53B32CC42AC00001009378E6 /* Cells */,
			);
			path = Home;
			sourceTree = "<group>";
		};
		53AF85022AC2533F00C1AB10 /* Search */ = {
			isa = PBXGroup;
			children = (
				53B32CB42ABFF7CE009378E6 /* SearchViewController.swift */,
			);
			path = Search;
			sourceTree = "<group>";
		};
		53AF85032AC2534F00C1AB10 /* Favorite */ = {
			isa = PBXGroup;
			children = (
				53B32CB62ABFF7E1009378E6 /* FavoriteViewController.swift */,
			);
			path = Favorite;
			sourceTree = "<group>";
		};
		53AF85042AC2538900C1AB10 /* OrderedList */ = {
			isa = PBXGroup;
			children = (
				53B32CB82ABFF7F4009378E6 /* OrderedListViewController.swift */,
			);
			path = OrderedList;
			sourceTree = "<group>";
		};
		53AF85052AC2538F00C1AB10 /* MyBM */ = {
			isa = PBXGroup;
			children = (
				53B32CBA2ABFF805009378E6 /* MyBMViewController.swift */,
			);
			path = MyBM;
			sourceTree = "<group>";
		};
		53AF857E2AC3BA8800C1AB10 /* HomeData */ = {
			isa = PBXGroup;
			children = (
				53AF85782AC3B9D900C1AB10 /* Coupon.swift */,
				53AF857A2AC3B9E100C1AB10 /* Option.swift */,
				53AF857C2AC3B9E600C1AB10 /* Category.swift */,
				53AF85722AC3B69300C1AB10 /* Banner.swift */,
			);
			name = HomeData;
			sourceTree = "<group>";
		};
		53AF857F2AC3BABD00C1AB10 /* Home */ = {
			isa = PBXGroup;
			children = (
				53AF85852AC3BD4C00C1AB10 /* SearchViewCell.swift */,
				53AF85812AC3BB5400C1AB10 /* CouponCell.swift */,
				53989DA12AC3C01400243A82 /* OptionCell.swift */,
				53989DA52AC3C13F00243A82 /* CategoryCell.swift */,
				53AF85742AC3B71400C1AB10 /* BannerCell.swift */,
				53AF85802AC3BAE900C1AB10 /* Xibs */,
			);
			path = Home;
			sourceTree = "<group>";
		};
		53AF85802AC3BAE900C1AB10 /* Xibs */ = {
			isa = PBXGroup;
			children = (
				53AF85862AC3BD4C00C1AB10 /* SearchViewCell.xib */,
				53AF85822AC3BB5400C1AB10 /* CouponCell.xib */,
				53989DA22AC3C01400243A82 /* OptionCell.xib */,
				53989DA62AC3C13F00243A82 /* CategoryCell.xib */,
				53AF85752AC3B71400C1AB10 /* BannerCell.xib */,
			);
			path = Xibs;
			sourceTree = "<group>";
		};
		53B32C822ABEA966009378E6 = {
			isa = PBXGroup;
			children = (
				53B32C8D2ABEA966009378E6 /* FirstMission */,
				53B32C8C2ABEA966009378E6 /* Products */,
			);
			sourceTree = "<group>";
		};
		53B32C8C2ABEA966009378E6 /* Products */ = {
			isa = PBXGroup;
			children = (
				53B32C8B2ABEA966009378E6 /* FirstMission.app */,
			);
			name = Products;
			sourceTree = "<group>";
		};
		53B32C8D2ABEA966009378E6 /* FirstMission */ = {
			isa = PBXGroup;
			children = (
				53B32C8E2ABEA966009378E6 /* AppDelegate.swift */,
				53B32C902ABEA966009378E6 /* SceneDelegate.swift */,
				53B32C992ABEA967009378E6 /* LaunchScreen.storyboard */,
				53B32CC12ABFFD43009378E6 /* Model */,
				53B32CBE2ABFFCD1009378E6 /* Controller */,
				53B32CBF2ABFFCDD009378E6 /* Views */,
				53B32CC02ABFFCEE009378E6 /* Resources */,
			);
			path = FirstMission;
			sourceTree = "<group>";
		};
		53B32CBE2ABFFCD1009378E6 /* Controller */ = {
			isa = PBXGroup;
			children = (
				53B32CB22ABFF750009378E6 /* TabBarController.swift */,
			);
			path = Controller;
			sourceTree = "<group>";
		};
		53B32CBF2ABFFCDD009378E6 /* Views */ = {
			isa = PBXGroup;
			children = (
				53AF85022AC2533F00C1AB10 /* Search */,
				53AF85032AC2534F00C1AB10 /* Favorite */,
				53AF85012AC2531000C1AB10 /* Home */,
				53AF85042AC2538900C1AB10 /* OrderedList */,
				53AF85052AC2538F00C1AB10 /* MyBM */,
			);
			path = Views;
			sourceTree = "<group>";
		};
		53B32CC02ABFFCEE009378E6 /* Resources */ = {
			isa = PBXGroup;
			children = (
				53B32C972ABEA967009378E6 /* Assets.xcassets */,
				53B32C9C2ABEA967009378E6 /* Info.plist */,
				53B32CBC2ABFFB95009378E6 /* BMEuljiro10yearslaterOTF.otf */,
			);
			path = Resources;
			sourceTree = "<group>";
		};
		53B32CC12ABFFD43009378E6 /* Model */ = {
			isa = PBXGroup;
			children = (
				53AF857E2AC3BA8800C1AB10 /* HomeData */,
			);
			name = Model;
			sourceTree = "<group>";
		};
		53B32CC42AC00001009378E6 /* Cells */ = {
			isa = PBXGroup;
			children = (
				53AF857F2AC3BABD00C1AB10 /* Home */,
			);
			path = Cells;
			sourceTree = "<group>";
		};
/* End PBXGroup section */

/* Begin PBXNativeTarget section */
		53B32C8A2ABEA966009378E6 /* FirstMission */ = {
			isa = PBXNativeTarget;
			buildConfigurationList = 53B32C9F2ABEA967009378E6 /* Build configuration list for PBXNativeTarget "FirstMission" */;
			buildPhases = (
				53B32C872ABEA966009378E6 /* Sources */,
				53B32C882ABEA966009378E6 /* Frameworks */,
				53B32C892ABEA966009378E6 /* Resources */,
			);
			buildRules = (
			);
			dependencies = (
			);
			name = FirstMission;
			packageProductDependencies = (
				53B32CA32ABFD59C009378E6 /* SnapKit */,
				53B32CB02ABFEE13009378E6 /* SafeAreaBrush */,
			);
			productName = FirstMission;
			productReference = 53B32C8B2ABEA966009378E6 /* FirstMission.app */;
			productType = "com.apple.product-type.application";
		};
/* End PBXNativeTarget section */

/* Begin PBXProject section */
		53B32C832ABEA966009378E6 /* Project object */ = {
			isa = PBXProject;
			attributes = {
				BuildIndependentTargetsInParallel = 1;
				LastSwiftUpdateCheck = 1430;
				LastUpgradeCheck = 1500;
				TargetAttributes = {
					53B32C8A2ABEA966009378E6 = {
						CreatedOnToolsVersion = 14.3.1;
					};
				};
			};
			buildConfigurationList = 53B32C862ABEA966009378E6 /* Build configuration list for PBXProject "FirstMission" */;
			compatibilityVersion = "Xcode 14.0";
			developmentRegion = en;
			hasScannedForEncodings = 0;
			knownRegions = (
				en,
				Base,
			);
			mainGroup = 53B32C822ABEA966009378E6;
			packageReferences = (
				53B32CA22ABFD59B009378E6 /* XCRemoteSwiftPackageReference "SnapKit" */,
				53B32CAF2ABFEE13009378E6 /* XCRemoteSwiftPackageReference "SafeAreaBrush" */,
			);
			productRefGroup = 53B32C8C2ABEA966009378E6 /* Products */;
			projectDirPath = "";
			projectRoot = "";
			targets = (
				53B32C8A2ABEA966009378E6 /* FirstMission */,
			);
		};
/* End PBXProject section */

/* Begin PBXResourcesBuildPhase section */
		53B32C892ABEA966009378E6 /* Resources */ = {
			isa = PBXResourcesBuildPhase;
			buildActionMask = 2147483647;
			files = (
				53AF85772AC3B71400C1AB10 /* BannerCell.xib in Resources */,
				53989DA42AC3C01400243A82 /* OptionCell.xib in Resources */,
				53B32C9B2ABEA967009378E6 /* LaunchScreen.storyboard in Resources */,
				53B32C982ABEA967009378E6 /* Assets.xcassets in Resources */,
				53AF85882AC3BD4C00C1AB10 /* SearchViewCell.xib in Resources */,
				53AF85842AC3BB5400C1AB10 /* CouponCell.xib in Resources */,
				53B32CBD2ABFFB95009378E6 /* BMEuljiro10yearslaterOTF.otf in Resources */,
				53989DA82AC3C13F00243A82 /* CategoryCell.xib in Resources */,
			);
			runOnlyForDeploymentPostprocessing = 0;
		};
/* End PBXResourcesBuildPhase section */

/* Begin PBXSourcesBuildPhase section */
		53B32C872ABEA966009378E6 /* Sources */ = {
			isa = PBXSourcesBuildPhase;
			buildActionMask = 2147483647;
			files = (
				53989DA72AC3C13F00243A82 /* CategoryCell.swift in Sources */,
				53B32CB52ABFF7CE009378E6 /* SearchViewController.swift in Sources */,
				53B32CAE2ABFE2E8009378E6 /* HomeViewController.swift in Sources */,
				53B32CB32ABFF750009378E6 /* TabBarController.swift in Sources */,
				53AF85762AC3B71400C1AB10 /* BannerCell.swift in Sources */,
				53989DA32AC3C01400243A82 /* OptionCell.swift in Sources */,
				53B32CB92ABFF7F4009378E6 /* OrderedListViewController.swift in Sources */,
				53B32C8F2ABEA966009378E6 /* AppDelegate.swift in Sources */,
				53B32CB72ABFF7E1009378E6 /* FavoriteViewController.swift in Sources */,
				53B32C912ABEA966009378E6 /* SceneDelegate.swift in Sources */,
				53AF85732AC3B69300C1AB10 /* Banner.swift in Sources */,
				53AF85792AC3B9D900C1AB10 /* Coupon.swift in Sources */,
				53AF85872AC3BD4C00C1AB10 /* SearchViewCell.swift in Sources */,
				53AF857B2AC3B9E100C1AB10 /* Option.swift in Sources */,
				53AF85832AC3BB5400C1AB10 /* CouponCell.swift in Sources */,
				53B32CBB2ABFF805009378E6 /* MyBMViewController.swift in Sources */,
				53AF857D2AC3B9E600C1AB10 /* Category.swift in Sources */,
			);
			runOnlyForDeploymentPostprocessing = 0;
		};
/* End PBXSourcesBuildPhase section */

/* Begin PBXVariantGroup section */
		53B32C992ABEA967009378E6 /* LaunchScreen.storyboard */ = {
			isa = PBXVariantGroup;
			children = (
				53B32C9A2ABEA967009378E6 /* Base */,
			);
			name = LaunchScreen.storyboard;
			sourceTree = "<group>";
		};
/* End PBXVariantGroup section */

/* Begin XCBuildConfiguration section */
		53B32C9D2ABEA967009378E6 /* Debug */ = {
			isa = XCBuildConfiguration;
			buildSettings = {
				ALWAYS_SEARCH_USER_PATHS = NO;
				ASSETCATALOG_COMPILER_GENERATE_SWIFT_ASSET_SYMBOL_EXTENSIONS = YES;
				CLANG_ANALYZER_NONNULL = YES;
				CLANG_ANALYZER_NUMBER_OBJECT_CONVERSION = YES_AGGRESSIVE;
				CLANG_CXX_LANGUAGE_STANDARD = "gnu++20";
				CLANG_ENABLE_MODULES = YES;
				CLANG_ENABLE_OBJC_ARC = YES;
				CLANG_ENABLE_OBJC_WEAK = YES;
				CLANG_WARN_BLOCK_CAPTURE_AUTORELEASING = YES;
				CLANG_WARN_BOOL_CONVERSION = YES;
				CLANG_WARN_COMMA = YES;
				CLANG_WARN_CONSTANT_CONVERSION = YES;
				CLANG_WARN_DEPRECATED_OBJC_IMPLEMENTATIONS = YES;
				CLANG_WARN_DIRECT_OBJC_ISA_USAGE = YES_ERROR;
				CLANG_WARN_DOCUMENTATION_COMMENTS = YES;
				CLANG_WARN_EMPTY_BODY = YES;
				CLANG_WARN_ENUM_CONVERSION = YES;
				CLANG_WARN_INFINITE_RECURSION = YES;
				CLANG_WARN_INT_CONVERSION = YES;
				CLANG_WARN_NON_LITERAL_NULL_CONVERSION = YES;
				CLANG_WARN_OBJC_IMPLICIT_RETAIN_SELF = YES;
				CLANG_WARN_OBJC_LITERAL_CONVERSION = YES;
				CLANG_WARN_OBJC_ROOT_CLASS = YES_ERROR;
				CLANG_WARN_QUOTED_INCLUDE_IN_FRAMEWORK_HEADER = YES;
				CLANG_WARN_RANGE_LOOP_ANALYSIS = YES;
				CLANG_WARN_STRICT_PROTOTYPES = YES;
				CLANG_WARN_SUSPICIOUS_MOVE = YES;
				CLANG_WARN_UNGUARDED_AVAILABILITY = YES_AGGRESSIVE;
				CLANG_WARN_UNREACHABLE_CODE = YES;
				CLANG_WARN__DUPLICATE_METHOD_MATCH = YES;
				COPY_PHASE_STRIP = NO;
				DEBUG_INFORMATION_FORMAT = dwarf;
				ENABLE_STRICT_OBJC_MSGSEND = YES;
				ENABLE_TESTABILITY = YES;
				ENABLE_USER_SCRIPT_SANDBOXING = YES;
				GCC_C_LANGUAGE_STANDARD = gnu11;
				GCC_DYNAMIC_NO_PIC = NO;
				GCC_NO_COMMON_BLOCKS = YES;
				GCC_OPTIMIZATION_LEVEL = 0;
				GCC_PREPROCESSOR_DEFINITIONS = (
					"DEBUG=1",
					"$(inherited)",
				);
				GCC_WARN_64_TO_32_BIT_CONVERSION = YES;
				GCC_WARN_ABOUT_RETURN_TYPE = YES_ERROR;
				GCC_WARN_UNDECLARED_SELECTOR = YES;
				GCC_WARN_UNINITIALIZED_AUTOS = YES_AGGRESSIVE;
				GCC_WARN_UNUSED_FUNCTION = YES;
				GCC_WARN_UNUSED_VARIABLE = YES;
				IPHONEOS_DEPLOYMENT_TARGET = 16.4;
				MTL_ENABLE_DEBUG_INFO = INCLUDE_SOURCE;
				MTL_FAST_MATH = YES;
				ONLY_ACTIVE_ARCH = YES;
				SDKROOT = iphoneos;
				SWIFT_ACTIVE_COMPILATION_CONDITIONS = DEBUG;
				SWIFT_OPTIMIZATION_LEVEL = "-Onone";
			};
			name = Debug;
		};
		53B32C9E2ABEA967009378E6 /* Release */ = {
			isa = XCBuildConfiguration;
			buildSettings = {
				ALWAYS_SEARCH_USER_PATHS = NO;
				ASSETCATALOG_COMPILER_GENERATE_SWIFT_ASSET_SYMBOL_EXTENSIONS = YES;
				CLANG_ANALYZER_NONNULL = YES;
				CLANG_ANALYZER_NUMBER_OBJECT_CONVERSION = YES_AGGRESSIVE;
				CLANG_CXX_LANGUAGE_STANDARD = "gnu++20";
				CLANG_ENABLE_MODULES = YES;
				CLANG_ENABLE_OBJC_ARC = YES;
				CLANG_ENABLE_OBJC_WEAK = YES;
				CLANG_WARN_BLOCK_CAPTURE_AUTORELEASING = YES;
				CLANG_WARN_BOOL_CONVERSION = YES;
				CLANG_WARN_COMMA = YES;
				CLANG_WARN_CONSTANT_CONVERSION = YES;
				CLANG_WARN_DEPRECATED_OBJC_IMPLEMENTATIONS = YES;
				CLANG_WARN_DIRECT_OBJC_ISA_USAGE = YES_ERROR;
				CLANG_WARN_DOCUMENTATION_COMMENTS = YES;
				CLANG_WARN_EMPTY_BODY = YES;
				CLANG_WARN_ENUM_CONVERSION = YES;
				CLANG_WARN_INFINITE_RECURSION = YES;
				CLANG_WARN_INT_CONVERSION = YES;
				CLANG_WARN_NON_LITERAL_NULL_CONVERSION = YES;
				CLANG_WARN_OBJC_IMPLICIT_RETAIN_SELF = YES;
				CLANG_WARN_OBJC_LITERAL_CONVERSION = YES;
				CLANG_WARN_OBJC_ROOT_CLASS = YES_ERROR;
				CLANG_WARN_QUOTED_INCLUDE_IN_FRAMEWORK_HEADER = YES;
				CLANG_WARN_RANGE_LOOP_ANALYSIS = YES;
				CLANG_WARN_STRICT_PROTOTYPES = YES;
				CLANG_WARN_SUSPICIOUS_MOVE = YES;
				CLANG_WARN_UNGUARDED_AVAILABILITY = YES_AGGRESSIVE;
				CLANG_WARN_UNREACHABLE_CODE = YES;
				CLANG_WARN__DUPLICATE_METHOD_MATCH = YES;
				COPY_PHASE_STRIP = NO;
				DEBUG_INFORMATION_FORMAT = "dwarf-with-dsym";
				ENABLE_NS_ASSERTIONS = NO;
				ENABLE_STRICT_OBJC_MSGSEND = YES;
				ENABLE_USER_SCRIPT_SANDBOXING = YES;
				GCC_C_LANGUAGE_STANDARD = gnu11;
				GCC_NO_COMMON_BLOCKS = YES;
				GCC_WARN_64_TO_32_BIT_CONVERSION = YES;
				GCC_WARN_ABOUT_RETURN_TYPE = YES_ERROR;
				GCC_WARN_UNDECLARED_SELECTOR = YES;
				GCC_WARN_UNINITIALIZED_AUTOS = YES_AGGRESSIVE;
				GCC_WARN_UNUSED_FUNCTION = YES;
				GCC_WARN_UNUSED_VARIABLE = YES;
				IPHONEOS_DEPLOYMENT_TARGET = 16.4;
				MTL_ENABLE_DEBUG_INFO = NO;
				MTL_FAST_MATH = YES;
				SDKROOT = iphoneos;
				SWIFT_COMPILATION_MODE = wholemodule;
				SWIFT_OPTIMIZATION_LEVEL = "-O";
				VALIDATE_PRODUCT = YES;
			};
			name = Release;
		};
		53B32CA02ABEA967009378E6 /* Debug */ = {
			isa = XCBuildConfiguration;
			buildSettings = {
				ASSETCATALOG_COMPILER_APPICON_NAME = AppIcon;
				ASSETCATALOG_COMPILER_GLOBAL_ACCENT_COLOR_NAME = AccentColor;
				CODE_SIGN_STYLE = Automatic;
				CURRENT_PROJECT_VERSION = 1;
				DEVELOPMENT_TEAM = 7WULLR98GP;
				GENERATE_INFOPLIST_FILE = YES;
				INFOPLIST_FILE = FirstMission/Resources/Info.plist;
				INFOPLIST_KEY_CFBundleDisplayName = "배달의민족";
				INFOPLIST_KEY_UIApplicationSupportsIndirectInputEvents = YES;
				INFOPLIST_KEY_UILaunchStoryboardName = LaunchScreen;
				INFOPLIST_KEY_UISupportedInterfaceOrientations_iPad = "UIInterfaceOrientationPortrait UIInterfaceOrientationPortraitUpsideDown UIInterfaceOrientationLandscapeLeft UIInterfaceOrientationLandscapeRight";
				INFOPLIST_KEY_UISupportedInterfaceOrientations_iPhone = "UIInterfaceOrientationPortrait UIInterfaceOrientationLandscapeLeft UIInterfaceOrientationLandscapeRight";
				IPHONEOS_DEPLOYMENT_TARGET = 16.4;
				LD_RUNPATH_SEARCH_PATHS = (
					"$(inherited)",
					"@executable_path/Frameworks",
				);
				MARKETING_VERSION = 1.0;
				PRODUCT_BUNDLE_IDENTIFIER = com.rafa.FirstMission;
				PRODUCT_NAME = "$(TARGET_NAME)";
				SWIFT_EMIT_LOC_STRINGS = YES;
				SWIFT_VERSION = 5.0;
				TARGETED_DEVICE_FAMILY = "1,2";
			};
			name = Debug;
		};
		53B32CA12ABEA967009378E6 /* Release */ = {
			isa = XCBuildConfiguration;
			buildSettings = {
				ASSETCATALOG_COMPILER_APPICON_NAME = AppIcon;
				ASSETCATALOG_COMPILER_GLOBAL_ACCENT_COLOR_NAME = AccentColor;
				CODE_SIGN_STYLE = Automatic;
				CURRENT_PROJECT_VERSION = 1;
				DEVELOPMENT_TEAM = 7WULLR98GP;
				GENERATE_INFOPLIST_FILE = YES;
				INFOPLIST_FILE = FirstMission/Resources/Info.plist;
				INFOPLIST_KEY_CFBundleDisplayName = "배달의민족";
				INFOPLIST_KEY_UIApplicationSupportsIndirectInputEvents = YES;
				INFOPLIST_KEY_UILaunchStoryboardName = LaunchScreen;
				INFOPLIST_KEY_UISupportedInterfaceOrientations_iPad = "UIInterfaceOrientationPortrait UIInterfaceOrientationPortraitUpsideDown UIInterfaceOrientationLandscapeLeft UIInterfaceOrientationLandscapeRight";
				INFOPLIST_KEY_UISupportedInterfaceOrientations_iPhone = "UIInterfaceOrientationPortrait UIInterfaceOrientationLandscapeLeft UIInterfaceOrientationLandscapeRight";
				IPHONEOS_DEPLOYMENT_TARGET = 16.4;
				LD_RUNPATH_SEARCH_PATHS = (
					"$(inherited)",
					"@executable_path/Frameworks",
				);
				MARKETING_VERSION = 1.0;
				PRODUCT_BUNDLE_IDENTIFIER = com.rafa.FirstMission;
				PRODUCT_NAME = "$(TARGET_NAME)";
				SWIFT_EMIT_LOC_STRINGS = YES;
				SWIFT_VERSION = 5.0;
				TARGETED_DEVICE_FAMILY = "1,2";
			};
			name = Release;
		};
/* End XCBuildConfiguration section */

/* Begin XCConfigurationList section */
		53B32C862ABEA966009378E6 /* Build configuration list for PBXProject "FirstMission" */ = {
			isa = XCConfigurationList;
			buildConfigurations = (
				53B32C9D2ABEA967009378E6 /* Debug */,
				53B32C9E2ABEA967009378E6 /* Release */,
			);
			defaultConfigurationIsVisible = 0;
			defaultConfigurationName = Release;
		};
		53B32C9F2ABEA967009378E6 /* Build configuration list for PBXNativeTarget "FirstMission" */ = {
			isa = XCConfigurationList;
			buildConfigurations = (
				53B32CA02ABEA967009378E6 /* Debug */,
				53B32CA12ABEA967009378E6 /* Release */,
			);
			defaultConfigurationIsVisible = 0;
			defaultConfigurationName = Release;
		};
/* End XCConfigurationList section */

/* Begin XCRemoteSwiftPackageReference section */
		53B32CA22ABFD59B009378E6 /* XCRemoteSwiftPackageReference "SnapKit" */ = {
			isa = XCRemoteSwiftPackageReference;
			repositoryURL = "https://github.com/SnapKit/SnapKit.git";
			requirement = {
				kind = upToNextMajorVersion;
				minimumVersion = 5.0.0;
			};
		};
		53B32CAF2ABFEE13009378E6 /* XCRemoteSwiftPackageReference "SafeAreaBrush" */ = {
			isa = XCRemoteSwiftPackageReference;
			repositoryURL = "https://github.com/WallabyStuff/SafeAreaBrush.git";
			requirement = {
				kind = upToNextMajorVersion;
				minimumVersion = 1.0.0;
			};
		};
/* End XCRemoteSwiftPackageReference section */

/* Begin XCSwiftPackageProductDependency section */
		53B32CA32ABFD59C009378E6 /* SnapKit */ = {
			isa = XCSwiftPackageProductDependency;
			package = 53B32CA22ABFD59B009378E6 /* XCRemoteSwiftPackageReference "SnapKit" */;
			productName = SnapKit;
		};
		53B32CB02ABFEE13009378E6 /* SafeAreaBrush */ = {
			isa = XCSwiftPackageProductDependency;
			package = 53B32CAF2ABFEE13009378E6 /* XCRemoteSwiftPackageReference "SafeAreaBrush" */;
			productName = SafeAreaBrush;
		};
/* End XCSwiftPackageProductDependency section */
	};
	rootObject = 53B32C832ABEA966009378E6 /* Project object */;
}
