// !$*UTF8*$!
{
	archiveVersion = 1;
	classes = {
	};
	objectVersion = 56;
	objects = {

/* Begin PBXBuildFile section */
		53470CDD2AB6C7FB00D8870A /* AppDelegate.swift in Sources */ = {isa = PBXBuildFile; fileRef = 53470CDC2AB6C7FB00D8870A /* AppDelegate.swift */; };
		53470CDF2AB6C7FB00D8870A /* SceneDelegate.swift in Sources */ = {isa = PBXBuildFile; fileRef = 53470CDE2AB6C7FB00D8870A /* SceneDelegate.swift */; };
		53470CE62AB6C7FC00D8870A /* Assets.xcassets in Resources */ = {isa = PBXBuildFile; fileRef = 53470CE52AB6C7FC00D8870A /* Assets.xcassets */; };
		53470CE92AB6C7FC00D8870A /* LaunchScreen.storyboard in Resources */ = {isa = PBXBuildFile; fileRef = 53470CE72AB6C7FC00D8870A /* LaunchScreen.storyboard */; };
		53470D0F2AB6D05000D8870A /* MainViewController.swift in Sources */ = {isa = PBXBuildFile; fileRef = 53470D0E2AB6D05000D8870A /* MainViewController.swift */; };
/* End PBXBuildFile section */

/* Begin PBXContainerItemProxy section */
		53470CF02AB6C7FC00D8870A /* PBXContainerItemProxy */ = {
			isa = PBXContainerItemProxy;
			containerPortal = 53470CD12AB6C7FB00D8870A /* Project object */;
			proxyType = 1;
			remoteGlobalIDString = 53470CD82AB6C7FB00D8870A;
			remoteInfo = RandomDice;
		};
		53470CFA2AB6C7FC00D8870A /* PBXContainerItemProxy */ = {
			isa = PBXContainerItemProxy;
			containerPortal = 53470CD12AB6C7FB00D8870A /* Project object */;
			proxyType = 1;
			remoteGlobalIDString = 53470CD82AB6C7FB00D8870A;
			remoteInfo = RandomDice;
		};
/* End PBXContainerItemProxy section */

/* Begin PBXFileReference section */
		53470CD92AB6C7FB00D8870A /* RandomDice.app */ = {isa = PBXFileReference; explicitFileType = wrapper.application; includeInIndex = 0; path = RandomDice.app; sourceTree = BUILT_PRODUCTS_DIR; };
		53470CDC2AB6C7FB00D8870A /* AppDelegate.swift */ = {isa = PBXFileReference; lastKnownFileType = sourcecode.swift; path = AppDelegate.swift; sourceTree = "<group>"; };
		53470CDE2AB6C7FB00D8870A /* SceneDelegate.swift */ = {isa = PBXFileReference; lastKnownFileType = sourcecode.swift; path = SceneDelegate.swift; sourceTree = "<group>"; };
		53470CE52AB6C7FC00D8870A /* Assets.xcassets */ = {isa = PBXFileReference; lastKnownFileType = folder.assetcatalog; path = Assets.xcassets; sourceTree = "<group>"; };
		53470CE82AB6C7FC00D8870A /* Base */ = {isa = PBXFileReference; lastKnownFileType = file.storyboard; name = Base; path = Base.lproj/LaunchScreen.storyboard; sourceTree = "<group>"; };
		53470CEA2AB6C7FC00D8870A /* Info.plist */ = {isa = PBXFileReference; lastKnownFileType = text.plist.xml; path = Info.plist; sourceTree = "<group>"; };
		53470CEF2AB6C7FC00D8870A /* RandomDiceTests.xctest */ = {isa = PBXFileReference; explicitFileType = wrapper.cfbundle; includeInIndex = 0; path = RandomDiceTests.xctest; sourceTree = BUILT_PRODUCTS_DIR; };
		53470CF92AB6C7FC00D8870A /* RandomDiceUITests.xctest */ = {isa = PBXFileReference; explicitFileType = wrapper.cfbundle; includeInIndex = 0; path = RandomDiceUITests.xctest; sourceTree = BUILT_PRODUCTS_DIR; };
		53470D0E2AB6D05000D8870A /* MainViewController.swift */ = {isa = PBXFileReference; lastKnownFileType = sourcecode.swift; path = MainViewController.swift; sourceTree = "<group>"; };
/* End PBXFileReference section */

/* Begin PBXFrameworksBuildPhase section */
		53470CD62AB6C7FB00D8870A /* Frameworks */ = {
			isa = PBXFrameworksBuildPhase;
			buildActionMask = 2147483647;
			files = (
			);
			runOnlyForDeploymentPostprocessing = 0;
		};
		53470CEC2AB6C7FC00D8870A /* Frameworks */ = {
			isa = PBXFrameworksBuildPhase;
			buildActionMask = 2147483647;
			files = (
			);
			runOnlyForDeploymentPostprocessing = 0;
		};
		53470CF62AB6C7FC00D8870A /* Frameworks */ = {
			isa = PBXFrameworksBuildPhase;
			buildActionMask = 2147483647;
			files = (
			);
			runOnlyForDeploymentPostprocessing = 0;
		};
/* End PBXFrameworksBuildPhase section */

/* Begin PBXGroup section */
		53470CD02AB6C7FB00D8870A = {
			isa = PBXGroup;
			children = (
				53470CDB2AB6C7FB00D8870A /* RandomDice */,
				53470CDA2AB6C7FB00D8870A /* Products */,
			);
			sourceTree = "<group>";
		};
		53470CDA2AB6C7FB00D8870A /* Products */ = {
			isa = PBXGroup;
			children = (
				53470CD92AB6C7FB00D8870A /* RandomDice.app */,
				53470CEF2AB6C7FC00D8870A /* RandomDiceTests.xctest */,
				53470CF92AB6C7FC00D8870A /* RandomDiceUITests.xctest */,
			);
			name = Products;
			sourceTree = "<group>";
		};
		53470CDB2AB6C7FB00D8870A /* RandomDice */ = {
			isa = PBXGroup;
			children = (
				53470CDC2AB6C7FB00D8870A /* AppDelegate.swift */,
				53470CDE2AB6C7FB00D8870A /* SceneDelegate.swift */,
				53470D0E2AB6D05000D8870A /* MainViewController.swift */,
				53470CE52AB6C7FC00D8870A /* Assets.xcassets */,
				53470CE72AB6C7FC00D8870A /* LaunchScreen.storyboard */,
				53470CEA2AB6C7FC00D8870A /* Info.plist */,
			);
			path = RandomDice;
			sourceTree = "<group>";
		};
/* End PBXGroup section */

/* Begin PBXNativeTarget section */
		53470CD82AB6C7FB00D8870A /* RandomDice */ = {
			isa = PBXNativeTarget;
			buildConfigurationList = 53470D032AB6C7FC00D8870A /* Build configuration list for PBXNativeTarget "RandomDice" */;
			buildPhases = (
				53470CD52AB6C7FB00D8870A /* Sources */,
				53470CD62AB6C7FB00D8870A /* Frameworks */,
				53470CD72AB6C7FB00D8870A /* Resources */,
			);
			buildRules = (
			);
			dependencies = (
			);
			name = RandomDice;
			productName = RandomDice;
			productReference = 53470CD92AB6C7FB00D8870A /* RandomDice.app */;
			productType = "com.apple.product-type.application";
		};
		53470CEE2AB6C7FC00D8870A /* RandomDiceTests */ = {
			isa = PBXNativeTarget;
			buildConfigurationList = 53470D062AB6C7FC00D8870A /* Build configuration list for PBXNativeTarget "RandomDiceTests" */;
			buildPhases = (
				53470CEB2AB6C7FC00D8870A /* Sources */,
				53470CEC2AB6C7FC00D8870A /* Frameworks */,
				53470CED2AB6C7FC00D8870A /* Resources */,
			);
			buildRules = (
			);
			dependencies = (
				53470CF12AB6C7FC00D8870A /* PBXTargetDependency */,
			);
			name = RandomDiceTests;
			productName = RandomDiceTests;
			productReference = 53470CEF2AB6C7FC00D8870A /* RandomDiceTests.xctest */;
			productType = "com.apple.product-type.bundle.unit-test";
		};
		53470CF82AB6C7FC00D8870A /* RandomDiceUITests */ = {
			isa = PBXNativeTarget;
			buildConfigurationList = 53470D092AB6C7FC00D8870A /* Build configuration list for PBXNativeTarget "RandomDiceUITests" */;
			buildPhases = (
				53470CF52AB6C7FC00D8870A /* Sources */,
				53470CF62AB6C7FC00D8870A /* Frameworks */,
				53470CF72AB6C7FC00D8870A /* Resources */,
			);
			buildRules = (
			);
			dependencies = (
				53470CFB2AB6C7FC00D8870A /* PBXTargetDependency */,
			);
			name = RandomDiceUITests;
			productName = RandomDiceUITests;
			productReference = 53470CF92AB6C7FC00D8870A /* RandomDiceUITests.xctest */;
			productType = "com.apple.product-type.bundle.ui-testing";
		};
/* End PBXNativeTarget section */

/* Begin PBXProject section */
		53470CD12AB6C7FB00D8870A /* Project object */ = {
			isa = PBXProject;
			attributes = {
				BuildIndependentTargetsInParallel = 1;
				LastSwiftUpdateCheck = 1430;
				LastUpgradeCheck = 1430;
				TargetAttributes = {
					53470CD82AB6C7FB00D8870A = {
						CreatedOnToolsVersion = 14.3;
					};
					53470CEE2AB6C7FC00D8870A = {
						CreatedOnToolsVersion = 14.3;
						TestTargetID = 53470CD82AB6C7FB00D8870A;
					};
					53470CF82AB6C7FC00D8870A = {
						CreatedOnToolsVersion = 14.3;
						TestTargetID = 53470CD82AB6C7FB00D8870A;
					};
				};
			};
			buildConfigurationList = 53470CD42AB6C7FB00D8870A /* Build configuration list for PBXProject "RandomDice" */;
			compatibilityVersion = "Xcode 14.0";
			developmentRegion = en;
			hasScannedForEncodings = 0;
			knownRegions = (
				en,
				Base,
			);
			mainGroup = 53470CD02AB6C7FB00D8870A;
			productRefGroup = 53470CDA2AB6C7FB00D8870A /* Products */;
			projectDirPath = "";
			projectRoot = "";
			targets = (
				53470CD82AB6C7FB00D8870A /* RandomDice */,
				53470CEE2AB6C7FC00D8870A /* RandomDiceTests */,
				53470CF82AB6C7FC00D8870A /* RandomDiceUITests */,
			);
		};
/* End PBXProject section */

/* Begin PBXResourcesBuildPhase section */
		53470CD72AB6C7FB00D8870A /* Resources */ = {
			isa = PBXResourcesBuildPhase;
			buildActionMask = 2147483647;
			files = (
				53470CE92AB6C7FC00D8870A /* LaunchScreen.storyboard in Resources */,
				53470CE62AB6C7FC00D8870A /* Assets.xcassets in Resources */,
			);
			runOnlyForDeploymentPostprocessing = 0;
		};
		53470CED2AB6C7FC00D8870A /* Resources */ = {
			isa = PBXResourcesBuildPhase;
			buildActionMask = 2147483647;
			files = (
			);
			runOnlyForDeploymentPostprocessing = 0;
		};
		53470CF72AB6C7FC00D8870A /* Resources */ = {
			isa = PBXResourcesBuildPhase;
			buildActionMask = 2147483647;
			files = (
			);
			runOnlyForDeploymentPostprocessing = 0;
		};
/* End PBXResourcesBuildPhase section */

/* Begin PBXSourcesBuildPhase section */
		53470CD52AB6C7FB00D8870A /* Sources */ = {
			isa = PBXSourcesBuildPhase;
			buildActionMask = 2147483647;
			files = (
				53470CDD2AB6C7FB00D8870A /* AppDelegate.swift in Sources */,
				53470CDF2AB6C7FB00D8870A /* SceneDelegate.swift in Sources */,
				53470D0F2AB6D05000D8870A /* MainViewController.swift in Sources */,
			);
			runOnlyForDeploymentPostprocessing = 0;
		};
		53470CEB2AB6C7FC00D8870A /* Sources */ = {
			isa = PBXSourcesBuildPhase;
			buildActionMask = 2147483647;
			files = (
			);
			runOnlyForDeploymentPostprocessing = 0;
		};
		53470CF52AB6C7FC00D8870A /* Sources */ = {
			isa = PBXSourcesBuildPhase;
			buildActionMask = 2147483647;
			files = (
			);
			runOnlyForDeploymentPostprocessing = 0;
		};
/* End PBXSourcesBuildPhase section */

/* Begin PBXTargetDependency section */
		53470CF12AB6C7FC00D8870A /* PBXTargetDependency */ = {
			isa = PBXTargetDependency;
			target = 53470CD82AB6C7FB00D8870A /* RandomDice */;
			targetProxy = 53470CF02AB6C7FC00D8870A /* PBXContainerItemProxy */;
		};
		53470CFB2AB6C7FC00D8870A /* PBXTargetDependency */ = {
			isa = PBXTargetDependency;
			target = 53470CD82AB6C7FB00D8870A /* RandomDice */;
			targetProxy = 53470CFA2AB6C7FC00D8870A /* PBXContainerItemProxy */;
		};
/* End PBXTargetDependency section */

/* Begin PBXVariantGroup section */
		53470CE72AB6C7FC00D8870A /* LaunchScreen.storyboard */ = {
			isa = PBXVariantGroup;
			children = (
				53470CE82AB6C7FC00D8870A /* Base */,
			);
			name = LaunchScreen.storyboard;
			sourceTree = "<group>";
		};
/* End PBXVariantGroup section */

/* Begin XCBuildConfiguration section */
		53470D012AB6C7FC00D8870A /* Debug */ = {
			isa = XCBuildConfiguration;
			buildSettings = {
				ALWAYS_SEARCH_USER_PATHS = NO;
				CLANG_ANALYZER_NONNULL = YES;
				CLANG_ANALYZER_NUMBER_OBJECT_CONVERSION = YES_AGGRESSIVE;
				CLANG_CXX_LANGUAGE_STANDARD = "gnu++20";
				CLANG_ENABLE_MODULES = YES;
				CLANG_ENABLE_OBJC_ARC = YES;
				CLANG_ENABLE_OBJC_WEAK = YES;
				CLANG_WARN_BLOCK_CAPTURE_AUTORELEASING = YES;
				CLANG_WARN_BOOL_CONVERSION = YES;
				CLANG_WARN_COMMA = YES;
				CLANG_WARN_CONSTANT_CONVERSION = YES;
				CLANG_WARN_DEPRECATED_OBJC_IMPLEMENTATIONS = YES;
				CLANG_WARN_DIRECT_OBJC_ISA_USAGE = YES_ERROR;
				CLANG_WARN_DOCUMENTATION_COMMENTS = YES;
				CLANG_WARN_EMPTY_BODY = YES;
				CLANG_WARN_ENUM_CONVERSION = YES;
				CLANG_WARN_INFINITE_RECURSION = YES;
				CLANG_WARN_INT_CONVERSION = YES;
				CLANG_WARN_NON_LITERAL_NULL_CONVERSION = YES;
				CLANG_WARN_OBJC_IMPLICIT_RETAIN_SELF = YES;
				CLANG_WARN_OBJC_LITERAL_CONVERSION = YES;
				CLANG_WARN_OBJC_ROOT_CLASS = YES_ERROR;
				CLANG_WARN_QUOTED_INCLUDE_IN_FRAMEWORK_HEADER = YES;
				CLANG_WARN_RANGE_LOOP_ANALYSIS = YES;
				CLANG_WARN_STRICT_PROTOTYPES = YES;
				CLANG_WARN_SUSPICIOUS_MOVE = YES;
				CLANG_WARN_UNGUARDED_AVAILABILITY = YES_AGGRESSIVE;
				CLANG_WARN_UNREACHABLE_CODE = YES;
				CLANG_WARN__DUPLICATE_METHOD_MATCH = YES;
				COPY_PHASE_STRIP = NO;
				DEBUG_INFORMATION_FORMAT = dwarf;
				ENABLE_STRICT_OBJC_MSGSEND = YES;
				ENABLE_TESTABILITY = YES;
				GCC_C_LANGUAGE_STANDARD = gnu11;
				GCC_DYNAMIC_NO_PIC = NO;
				GCC_NO_COMMON_BLOCKS = YES;
				GCC_OPTIMIZATION_LEVEL = 0;
				GCC_PREPROCESSOR_DEFINITIONS = (
					"DEBUG=1",
					"$(inherited)",
				);
				GCC_WARN_64_TO_32_BIT_CONVERSION = YES;
				GCC_WARN_ABOUT_RETURN_TYPE = YES_ERROR;
				GCC_WARN_UNDECLARED_SELECTOR = YES;
				GCC_WARN_UNINITIALIZED_AUTOS = YES_AGGRESSIVE;
				GCC_WARN_UNUSED_FUNCTION = YES;
				GCC_WARN_UNUSED_VARIABLE = YES;
				IPHONEOS_DEPLOYMENT_TARGET = 16.4;
				MTL_ENABLE_DEBUG_INFO = INCLUDE_SOURCE;
				MTL_FAST_MATH = YES;
				ONLY_ACTIVE_ARCH = YES;
				SDKROOT = iphoneos;
				SWIFT_ACTIVE_COMPILATION_CONDITIONS = DEBUG;
				SWIFT_OPTIMIZATION_LEVEL = "-Onone";
			};
			name = Debug;
		};
		53470D022AB6C7FC00D8870A /* Release */ = {
			isa = XCBuildConfiguration;
			buildSettings = {
				ALWAYS_SEARCH_USER_PATHS = NO;
				CLANG_ANALYZER_NONNULL = YES;
				CLANG_ANALYZER_NUMBER_OBJECT_CONVERSION = YES_AGGRESSIVE;
				CLANG_CXX_LANGUAGE_STANDARD = "gnu++20";
				CLANG_ENABLE_MODULES = YES;
				CLANG_ENABLE_OBJC_ARC = YES;
				CLANG_ENABLE_OBJC_WEAK = YES;
				CLANG_WARN_BLOCK_CAPTURE_AUTORELEASING = YES;
				CLANG_WARN_BOOL_CONVERSION = YES;
				CLANG_WARN_COMMA = YES;
				CLANG_WARN_CONSTANT_CONVERSION = YES;
				CLANG_WARN_DEPRECATED_OBJC_IMPLEMENTATIONS = YES;
				CLANG_WARN_DIRECT_OBJC_ISA_USAGE = YES_ERROR;
				CLANG_WARN_DOCUMENTATION_COMMENTS = YES;
				CLANG_WARN_EMPTY_BODY = YES;
				CLANG_WARN_ENUM_CONVERSION = YES;
				CLANG_WARN_INFINITE_RECURSION = YES;
				CLANG_WARN_INT_CONVERSION = YES;
				CLANG_WARN_NON_LITERAL_NULL_CONVERSION = YES;
				CLANG_WARN_OBJC_IMPLICIT_RETAIN_SELF = YES;
				CLANG_WARN_OBJC_LITERAL_CONVERSION = YES;
				CLANG_WARN_OBJC_ROOT_CLASS = YES_ERROR;
				CLANG_WARN_QUOTED_INCLUDE_IN_FRAMEWORK_HEADER = YES;
				CLANG_WARN_RANGE_LOOP_ANALYSIS = YES;
				CLANG_WARN_STRICT_PROTOTYPES = YES;
				CLANG_WARN_SUSPICIOUS_MOVE = YES;
				CLANG_WARN_UNGUARDED_AVAILABILITY = YES_AGGRESSIVE;
				CLANG_WARN_UNREACHABLE_CODE = YES;
				CLANG_WARN__DUPLICATE_METHOD_MATCH = YES;
				COPY_PHASE_STRIP = NO;
				DEBUG_INFORMATION_FORMAT = "dwarf-with-dsym";
				ENABLE_NS_ASSERTIONS = NO;
				ENABLE_STRICT_OBJC_MSGSEND = YES;
				GCC_C_LANGUAGE_STANDARD = gnu11;
				GCC_NO_COMMON_BLOCKS = YES;
				GCC_WARN_64_TO_32_BIT_CONVERSION = YES;
				GCC_WARN_ABOUT_RETURN_TYPE = YES_ERROR;
				GCC_WARN_UNDECLARED_SELECTOR = YES;
				GCC_WARN_UNINITIALIZED_AUTOS = YES_AGGRESSIVE;
				GCC_WARN_UNUSED_FUNCTION = YES;
				GCC_WARN_UNUSED_VARIABLE = YES;
				IPHONEOS_DEPLOYMENT_TARGET = 16.4;
				MTL_ENABLE_DEBUG_INFO = NO;
				MTL_FAST_MATH = YES;
				SDKROOT = iphoneos;
				SWIFT_COMPILATION_MODE = wholemodule;
				SWIFT_OPTIMIZATION_LEVEL = "-O";
				VALIDATE_PRODUCT = YES;
			};
			name = Release;
		};
		53470D042AB6C7FC00D8870A /* Debug */ = {
			isa = XCBuildConfiguration;
			buildSettings = {
				ASSETCATALOG_COMPILER_APPICON_NAME = AppIcon;
				ASSETCATALOG_COMPILER_GLOBAL_ACCENT_COLOR_NAME = AccentColor;
				CODE_SIGN_STYLE = Automatic;
				CURRENT_PROJECT_VERSION = 1;
				DEVELOPMENT_TEAM = 7WULLR98GP;
				GENERATE_INFOPLIST_FILE = YES;
				INFOPLIST_FILE = RandomDice/Info.plist;
				INFOPLIST_KEY_UIApplicationSupportsIndirectInputEvents = YES;
				INFOPLIST_KEY_UILaunchStoryboardName = LaunchScreen;
				INFOPLIST_KEY_UISupportedInterfaceOrientations_iPad = "UIInterfaceOrientationPortrait UIInterfaceOrientationPortraitUpsideDown UIInterfaceOrientationLandscapeLeft UIInterfaceOrientationLandscapeRight";
				INFOPLIST_KEY_UISupportedInterfaceOrientations_iPhone = "UIInterfaceOrientationPortrait UIInterfaceOrientationLandscapeLeft UIInterfaceOrientationLandscapeRight";
				LD_RUNPATH_SEARCH_PATHS = (
					"$(inherited)",
					"@executable_path/Frameworks",
				);
				MARKETING_VERSION = 1.0;
				PRODUCT_BUNDLE_IDENTIFIER = com.rafa.RandomDice;
				PRODUCT_NAME = "$(TARGET_NAME)";
				SWIFT_EMIT_LOC_STRINGS = YES;
				SWIFT_VERSION = 5.0;
				TARGETED_DEVICE_FAMILY = "1,2";
			};
			name = Debug;
		};
		53470D052AB6C7FC00D8870A /* Release */ = {
			isa = XCBuildConfiguration;
			buildSettings = {
				ASSETCATALOG_COMPILER_APPICON_NAME = AppIcon;
				ASSETCATALOG_COMPILER_GLOBAL_ACCENT_COLOR_NAME = AccentColor;
				CODE_SIGN_STYLE = Automatic;
				CURRENT_PROJECT_VERSION = 1;
				DEVELOPMENT_TEAM = 7WULLR98GP;
				GENERATE_INFOPLIST_FILE = YES;
				INFOPLIST_FILE = RandomDice/Info.plist;
				INFOPLIST_KEY_UIApplicationSupportsIndirectInputEvents = YES;
				INFOPLIST_KEY_UILaunchStoryboardName = LaunchScreen;
				INFOPLIST_KEY_UISupportedInterfaceOrientations_iPad = "UIInterfaceOrientationPortrait UIInterfaceOrientationPortraitUpsideDown UIInterfaceOrientationLandscapeLeft UIInterfaceOrientationLandscapeRight";
				INFOPLIST_KEY_UISupportedInterfaceOrientations_iPhone = "UIInterfaceOrientationPortrait UIInterfaceOrientationLandscapeLeft UIInterfaceOrientationLandscapeRight";
				LD_RUNPATH_SEARCH_PATHS = (
					"$(inherited)",
					"@executable_path/Frameworks",
				);
				MARKETING_VERSION = 1.0;
				PRODUCT_BUNDLE_IDENTIFIER = com.rafa.RandomDice;
				PRODUCT_NAME = "$(TARGET_NAME)";
				SWIFT_EMIT_LOC_STRINGS = YES;
				SWIFT_VERSION = 5.0;
				TARGETED_DEVICE_FAMILY = "1,2";
			};
			name = Release;
		};
		53470D072AB6C7FC00D8870A /* Debug */ = {
			isa = XCBuildConfiguration;
			buildSettings = {
				ALWAYS_EMBED_SWIFT_STANDARD_LIBRARIES = YES;
				BUNDLE_LOADER = "$(TEST_HOST)";
				CODE_SIGN_STYLE = Automatic;
				CURRENT_PROJECT_VERSION = 1;
				DEVELOPMENT_TEAM = 7WULLR98GP;
				GENERATE_INFOPLIST_FILE = YES;
				IPHONEOS_DEPLOYMENT_TARGET = 16.4;
				MARKETING_VERSION = 1.0;
				PRODUCT_BUNDLE_IDENTIFIER = com.rafa.RandomDiceTests;
				PRODUCT_NAME = "$(TARGET_NAME)";
				SWIFT_EMIT_LOC_STRINGS = NO;
				SWIFT_VERSION = 5.0;
				TARGETED_DEVICE_FAMILY = "1,2";
				TEST_HOST = "$(BUILT_PRODUCTS_DIR)/RandomDice.app/$(BUNDLE_EXECUTABLE_FOLDER_PATH)/RandomDice";
			};
			name = Debug;
		};
		53470D082AB6C7FC00D8870A /* Release */ = {
			isa = XCBuildConfiguration;
			buildSettings = {
				ALWAYS_EMBED_SWIFT_STANDARD_LIBRARIES = YES;
				BUNDLE_LOADER = "$(TEST_HOST)";
				CODE_SIGN_STYLE = Automatic;
				CURRENT_PROJECT_VERSION = 1;
				DEVELOPMENT_TEAM = 7WULLR98GP;
				GENERATE_INFOPLIST_FILE = YES;
				IPHONEOS_DEPLOYMENT_TARGET = 16.4;
				MARKETING_VERSION = 1.0;
				PRODUCT_BUNDLE_IDENTIFIER = com.rafa.RandomDiceTests;
				PRODUCT_NAME = "$(TARGET_NAME)";
				SWIFT_EMIT_LOC_STRINGS = NO;
				SWIFT_VERSION = 5.0;
				TARGETED_DEVICE_FAMILY = "1,2";
				TEST_HOST = "$(BUILT_PRODUCTS_DIR)/RandomDice.app/$(BUNDLE_EXECUTABLE_FOLDER_PATH)/RandomDice";
			};
			name = Release;
		};
		53470D0A2AB6C7FC00D8870A /* Debug */ = {
			isa = XCBuildConfiguration;
			buildSettings = {
				ALWAYS_EMBED_SWIFT_STANDARD_LIBRARIES = YES;
				CODE_SIGN_STYLE = Automatic;
				CURRENT_PROJECT_VERSION = 1;
				DEVELOPMENT_TEAM = 7WULLR98GP;
				GENERATE_INFOPLIST_FILE = YES;
				MARKETING_VERSION = 1.0;
				PRODUCT_BUNDLE_IDENTIFIER = com.rafa.RandomDiceUITests;
				PRODUCT_NAME = "$(TARGET_NAME)";
				SWIFT_EMIT_LOC_STRINGS = NO;
				SWIFT_VERSION = 5.0;
				TARGETED_DEVICE_FAMILY = "1,2";
				TEST_TARGET_NAME = RandomDice;
			};
			name = Debug;
		};
		53470D0B2AB6C7FC00D8870A /* Release */ = {
			isa = XCBuildConfiguration;
			buildSettings = {
				ALWAYS_EMBED_SWIFT_STANDARD_LIBRARIES = YES;
				CODE_SIGN_STYLE = Automatic;
				CURRENT_PROJECT_VERSION = 1;
				DEVELOPMENT_TEAM = 7WULLR98GP;
				GENERATE_INFOPLIST_FILE = YES;
				MARKETING_VERSION = 1.0;
				PRODUCT_BUNDLE_IDENTIFIER = com.rafa.RandomDiceUITests;
				PRODUCT_NAME = "$(TARGET_NAME)";
				SWIFT_EMIT_LOC_STRINGS = NO;
				SWIFT_VERSION = 5.0;
				TARGETED_DEVICE_FAMILY = "1,2";
				TEST_TARGET_NAME = RandomDice;
			};
			name = Release;
		};
/* End XCBuildConfiguration section */

/* Begin XCConfigurationList section */
		53470CD42AB6C7FB00D8870A /* Build configuration list for PBXProject "RandomDice" */ = {
			isa = XCConfigurationList;
			buildConfigurations = (
				53470D012AB6C7FC00D8870A /* Debug */,
				53470D022AB6C7FC00D8870A /* Release */,
			);
			defaultConfigurationIsVisible = 0;
			defaultConfigurationName = Release;
		};
		53470D032AB6C7FC00D8870A /* Build configuration list for PBXNativeTarget "RandomDice" */ = {
			isa = XCConfigurationList;
			buildConfigurations = (
				53470D042AB6C7FC00D8870A /* Debug */,
				53470D052AB6C7FC00D8870A /* Release */,
			);
			defaultConfigurationIsVisible = 0;
			defaultConfigurationName = Release;
		};
		53470D062AB6C7FC00D8870A /* Build configuration list for PBXNativeTarget "RandomDiceTests" */ = {
			isa = XCConfigurationList;
			buildConfigurations = (
				53470D072AB6C7FC00D8870A /* Debug */,
				53470D082AB6C7FC00D8870A /* Release */,
			);
			defaultConfigurationIsVisible = 0;
			defaultConfigurationName = Release;
		};
		53470D092AB6C7FC00D8870A /* Build configuration list for PBXNativeTarget "RandomDiceUITests" */ = {
			isa = XCConfigurationList;
			buildConfigurations = (
				53470D0A2AB6C7FC00D8870A /* Debug */,
				53470D0B2AB6C7FC00D8870A /* Release */,
			);
			defaultConfigurationIsVisible = 0;
			defaultConfigurationName = Release;
		};
/* End XCConfigurationList section */
	};
	rootObject = 53470CD12AB6C7FB00D8870A /* Project object */;
}
