{
  "pins" : [
    {
      "identity" : "safeareabrush",
      "kind" : "remoteSourceControl",
      "location" : "https://github.com/WallabyStuff/SafeAreaBrush.git",
      "state" : {
        "revision" : "4943d253687368afbea7ea09c19530a0361ed613",
        "version" : "1.0.4"
      }
    },
    {
      "identity" : "snapkit",
      "kind" : "remoteSourceControl",
      "location" : "https://github.com/SnapKit/SnapKit.git",
      "state" : {
        "revision" : "f222cbdf325885926566172f6f5f06af95473158",
        "version" : "5.6.0"
      }
    }
  ],
  "version" : 2
}
