// !$*UTF8*$!
{
	archiveVersion = 1;
	classes = {
	};
	objectVersion = 56;
	objects = {

/* Begin PBXBuildFile section */
		052EBBAC2AFF42A00066ED3A /* BigSaleView.swift in Sources */ = {isa = PBXBuildFile; fileRef = 052EBBAB2AFF42A00066ED3A /* BigSaleView.swift */; };
		052EBBB02AFF430E0066ED3A /* CouponView.swift in Sources */ = {isa = PBXBuildFile; fileRef = 052EBBAF2AFF430E0066ED3A /* CouponView.swift */; };
		052EBBB72AFF4CD90066ED3A /* CategoryView.swift in Sources */ = {isa = PBXBuildFile; fileRef = 052EBBB62AFF4CD90066ED3A /* CategoryView.swift */; };
		052EBBB92AFF4D840066ED3A /* BannerView.swift in Sources */ = {isa = PBXBuildFile; fileRef = 052EBBB82AFF4D840066ED3A /* BannerView.swift */; };
		052EBBBB2AFF4EFF0066ED3A /* RoundedCorner+Extension.swift in Sources */ = {isa = PBXBuildFile; fileRef = 052EBBBA2AFF4EFF0066ED3A /* RoundedCorner+Extension.swift */; };
		052EBBBE2AFFABB90066ED3A /* SubCategoryView.swift in Sources */ = {isa = PBXBuildFile; fileRef = 052EBBBD2AFFABB90066ED3A /* SubCategoryView.swift */; };
		05C8FAB12AF60B3600FE633A /* SixthMissionApp.swift in Sources */ = {isa = PBXBuildFile; fileRef = 05C8FAB02AF60B3600FE633A /* SixthMissionApp.swift */; };
		05C8FAB52AF60B3700FE633A /* Assets.xcassets in Resources */ = {isa = PBXBuildFile; fileRef = 05C8FAB42AF60B3700FE633A /* Assets.xcassets */; };
		05C8FAB82AF60B3700FE633A /* Preview Assets.xcassets in Resources */ = {isa = PBXBuildFile; fileRef = 05C8FAB72AF60B3700FE633A /* Preview Assets.xcassets */; };
		05C8FAE22AFA075A00FE633A /* CustomTabView.swift in Sources */ = {isa = PBXBuildFile; fileRef = 05C8FAE12AFA075A00FE633A /* CustomTabView.swift */; };
		05C8FAE62AFA1AE600FE633A /* FavoriteView.swift in Sources */ = {isa = PBXBuildFile; fileRef = 05C8FAE52AFA1AE600FE633A /* FavoriteView.swift */; };
		05C8FAE82AFA1AEE00FE633A /* HomeView.swift in Sources */ = {isa = PBXBuildFile; fileRef = 05C8FAE72AFA1AEE00FE633A /* HomeView.swift */; };
		05C8FAEA2AFA1AF600FE633A /* OrderedView.swift in Sources */ = {isa = PBXBuildFile; fileRef = 05C8FAE92AFA1AF600FE633A /* OrderedView.swift */; };
		05C8FAEC2AFA1B0400FE633A /* MyBMView.swift in Sources */ = {isa = PBXBuildFile; fileRef = 05C8FAEB2AFA1B0400FE633A /* MyBMView.swift */; };
		05C8FAF02AFF26E900FE633A /* TopView.swift in Sources */ = {isa = PBXBuildFile; fileRef = 05C8FAEF2AFF26E900FE633A /* TopView.swift */; };
		05C8FAF22AFF291C00FE633A /* SearchView.swift in Sources */ = {isa = PBXBuildFile; fileRef = 05C8FAF12AFF291C00FE633A /* SearchView.swift */; };
/* End PBXBuildFile section */

/* Begin PBXFileReference section */
		052EBBAB2AFF42A00066ED3A /* BigSaleView.swift */ = {isa = PBXFileReference; lastKnownFileType = sourcecode.swift; path = BigSaleView.swift; sourceTree = "<group>"; };
		052EBBAF2AFF430E0066ED3A /* CouponView.swift */ = {isa = PBXFileReference; fileEncoding = 4; lastKnownFileType = sourcecode.swift; path = CouponView.swift; sourceTree = "<group>"; };
		052EBBB62AFF4CD90066ED3A /* CategoryView.swift */ = {isa = PBXFileReference; lastKnownFileType = sourcecode.swift; path = CategoryView.swift; sourceTree = "<group>"; };
		052EBBB82AFF4D840066ED3A /* BannerView.swift */ = {isa = PBXFileReference; lastKnownFileType = sourcecode.swift; path = BannerView.swift; sourceTree = "<group>"; };
		052EBBBA2AFF4EFF0066ED3A /* RoundedCorner+Extension.swift */ = {isa = PBXFileReference; lastKnownFileType = sourcecode.swift; path = "RoundedCorner+Extension.swift"; sourceTree = "<group>"; };
		052EBBBD2AFFABB90066ED3A /* SubCategoryView.swift */ = {isa = PBXFileReference; lastKnownFileType = sourcecode.swift; path = SubCategoryView.swift; sourceTree = "<group>"; };
		05C8FAAD2AF60B3600FE633A /* SixthMission.app */ = {isa = PBXFileReference; explicitFileType = wrapper.application; includeInIndex = 0; path = SixthMission.app; sourceTree = BUILT_PRODUCTS_DIR; };
		05C8FAB02AF60B3600FE633A /* SixthMissionApp.swift */ = {isa = PBXFileReference; lastKnownFileType = sourcecode.swift; path = SixthMissionApp.swift; sourceTree = "<group>"; };
		05C8FAB42AF60B3700FE633A /* Assets.xcassets */ = {isa = PBXFileReference; lastKnownFileType = folder.assetcatalog; path = Assets.xcassets; sourceTree = "<group>"; };
		05C8FAB72AF60B3700FE633A /* Preview Assets.xcassets */ = {isa = PBXFileReference; lastKnownFileType = folder.assetcatalog; path = "Preview Assets.xcassets"; sourceTree = "<group>"; };
		05C8FAE12AFA075A00FE633A /* CustomTabView.swift */ = {isa = PBXFileReference; lastKnownFileType = sourcecode.swift; path = CustomTabView.swift; sourceTree = "<group>"; };
		05C8FAE52AFA1AE600FE633A /* FavoriteView.swift */ = {isa = PBXFileReference; lastKnownFileType = sourcecode.swift; path = FavoriteView.swift; sourceTree = "<group>"; };
		05C8FAE72AFA1AEE00FE633A /* HomeView.swift */ = {isa = PBXFileReference; lastKnownFileType = sourcecode.swift; path = HomeView.swift; sourceTree = "<group>"; };
		05C8FAE92AFA1AF600FE633A /* OrderedView.swift */ = {isa = PBXFileReference; lastKnownFileType = sourcecode.swift; path = OrderedView.swift; sourceTree = "<group>"; };
		05C8FAEB2AFA1B0400FE633A /* MyBMView.swift */ = {isa = PBXFileReference; lastKnownFileType = sourcecode.swift; path = MyBMView.swift; sourceTree = "<group>"; };
		05C8FAEF2AFF26E900FE633A /* TopView.swift */ = {isa = PBXFileReference; lastKnownFileType = sourcecode.swift; path = TopView.swift; sourceTree = "<group>"; };
		05C8FAF12AFF291C00FE633A /* SearchView.swift */ = {isa = PBXFileReference; lastKnownFileType = sourcecode.swift; path = SearchView.swift; sourceTree = "<group>"; };
/* End PBXFileReference section */

/* Begin PBXFrameworksBuildPhase section */
		05C8FAAA2AF60B3600FE633A /* Frameworks */ = {
			isa = PBXFrameworksBuildPhase;
			buildActionMask = 2147483647;
			files = (
			);
			runOnlyForDeploymentPostprocessing = 0;
		};
/* End PBXFrameworksBuildPhase section */

/* Begin PBXGroup section */
		052EBBA42AFF341C0066ED3A /* Presentation */ = {
			isa = PBXGroup;
			children = (
				05C8FAE12AFA075A00FE633A /* CustomTabView.swift */,
				05C8FAF12AFF291C00FE633A /* SearchView.swift */,
				05C8FAE52AFA1AE600FE633A /* FavoriteView.swift */,
				05C8FAE72AFA1AEE00FE633A /* HomeView.swift */,
				05C8FAE92AFA1AF600FE633A /* OrderedView.swift */,
				05C8FAEB2AFA1B0400FE633A /* MyBMView.swift */,
			);
			path = Presentation;
			sourceTree = "<group>";
		};
		052EBBA52AFF350B0066ED3A /* App */ = {
			isa = PBXGroup;
			children = (
				05C8FAB02AF60B3600FE633A /* SixthMissionApp.swift */,
			);
			path = App;
			sourceTree = "<group>";
		};
		052EBBA62AFF35B50066ED3A /* Sources */ = {
			isa = PBXGroup;
			children = (
				052EBBA52AFF350B0066ED3A /* App */,
				052EBBA42AFF341C0066ED3A /* Presentation */,
				052EBBAA2AFF36B90066ED3A /* Cell */,
				052EBBBC2AFF4F380066ED3A /* Extension */,
			);
			path = Sources;
			sourceTree = "<group>";
		};
		052EBBA72AFF35BC0066ED3A /* Resources */ = {
			isa = PBXGroup;
			children = (
				05C8FAB42AF60B3700FE633A /* Assets.xcassets */,
			);
			path = Resources;
			sourceTree = "<group>";
		};
		052EBBAA2AFF36B90066ED3A /* Cell */ = {
			isa = PBXGroup;
			children = (
				05C8FAEF2AFF26E900FE633A /* TopView.swift */,
				052EBBAF2AFF430E0066ED3A /* CouponView.swift */,
				052EBBB62AFF4CD90066ED3A /* CategoryView.swift */,
				052EBBAB2AFF42A00066ED3A /* BigSaleView.swift */,
				052EBBB82AFF4D840066ED3A /* BannerView.swift */,
				052EBBBD2AFFABB90066ED3A /* SubCategoryView.swift */,
			);
			path = Cell;
			sourceTree = "<group>";
		};
		052EBBBC2AFF4F380066ED3A /* Extension */ = {
			isa = PBXGroup;
			children = (
				052EBBBA2AFF4EFF0066ED3A /* RoundedCorner+Extension.swift */,
			);
			path = Extension;
			sourceTree = "<group>";
		};
		05C8FAA42AF60B3600FE633A = {
			isa = PBXGroup;
			children = (
				05C8FAAF2AF60B3600FE633A /* SixthMission */,
				05C8FAAE2AF60B3600FE633A /* Products */,
			);
			sourceTree = "<group>";
		};
		05C8FAAE2AF60B3600FE633A /* Products */ = {
			isa = PBXGroup;
			children = (
				05C8FAAD2AF60B3600FE633A /* SixthMission.app */,
			);
			name = Products;
			sourceTree = "<group>";
		};
		05C8FAAF2AF60B3600FE633A /* SixthMission */ = {
			isa = PBXGroup;
			children = (
				052EBBA72AFF35BC0066ED3A /* Resources */,
				052EBBA62AFF35B50066ED3A /* Sources */,
				05C8FAB62AF60B3700FE633A /* Preview Content */,
			);
			path = SixthMission;
			sourceTree = "<group>";
		};
		05C8FAB62AF60B3700FE633A /* Preview Content */ = {
			isa = PBXGroup;
			children = (
				05C8FAB72AF60B3700FE633A /* Preview Assets.xcassets */,
			);
			path = "Preview Content";
			sourceTree = "<group>";
		};
/* End PBXGroup section */

/* Begin PBXNativeTarget section */
		05C8FAAC2AF60B3600FE633A /* SixthMission */ = {
			isa = PBXNativeTarget;
			buildConfigurationList = 05C8FABB2AF60B3700FE633A /* Build configuration list for PBXNativeTarget "SixthMission" */;
			buildPhases = (
				05C8FAA92AF60B3600FE633A /* Sources */,
				05C8FAAA2AF60B3600FE633A /* Frameworks */,
				05C8FAAB2AF60B3600FE633A /* Resources */,
			);
			buildRules = (
			);
			dependencies = (
			);
			name = SixthMission;
			productName = SixthMission;
			productReference = 05C8FAAD2AF60B3600FE633A /* SixthMission.app */;
			productType = "com.apple.product-type.application";
		};
/* End PBXNativeTarget section */

/* Begin PBXProject section */
		05C8FAA52AF60B3600FE633A /* Project object */ = {
			isa = PBXProject;
			attributes = {
				BuildIndependentTargetsInParallel = 1;
				LastSwiftUpdateCheck = 1500;
				LastUpgradeCheck = 1500;
				TargetAttributes = {
					05C8FAAC2AF60B3600FE633A = {
						CreatedOnToolsVersion = 15.0.1;
					};
				};
			};
			buildConfigurationList = 05C8FAA82AF60B3600FE633A /* Build configuration list for PBXProject "SixthMission" */;
			compatibilityVersion = "Xcode 14.0";
			developmentRegion = en;
			hasScannedForEncodings = 0;
			knownRegions = (
				en,
				Base,
			);
			mainGroup = 05C8FAA42AF60B3600FE633A;
			productRefGroup = 05C8FAAE2AF60B3600FE633A /* Products */;
			projectDirPath = "";
			projectRoot = "";
			targets = (
				05C8FAAC2AF60B3600FE633A /* SixthMission */,
			);
		};
/* End PBXProject section */

/* Begin PBXResourcesBuildPhase section */
		05C8FAAB2AF60B3600FE633A /* Resources */ = {
			isa = PBXResourcesBuildPhase;
			buildActionMask = 2147483647;
			files = (
				05C8FAB82AF60B3700FE633A /* Preview Assets.xcassets in Resources */,
				05C8FAB52AF60B3700FE633A /* Assets.xcassets in Resources */,
			);
			runOnlyForDeploymentPostprocessing = 0;
		};
/* End PBXResourcesBuildPhase section */

/* Begin PBXSourcesBuildPhase section */
		05C8FAA92AF60B3600FE633A /* Sources */ = {
			isa = PBXSourcesBuildPhase;
			buildActionMask = 2147483647;
			files = (
				05C8FAE82AFA1AEE00FE633A /* HomeView.swift in Sources */,
				052EBBBE2AFFABB90066ED3A /* SubCategoryView.swift in Sources */,
				05C8FAEC2AFA1B0400FE633A /* MyBMView.swift in Sources */,
				052EBBB02AFF430E0066ED3A /* CouponView.swift in Sources */,
				05C8FAB12AF60B3600FE633A /* SixthMissionApp.swift in Sources */,
				05C8FAEA2AFA1AF600FE633A /* OrderedView.swift in Sources */,
				052EBBBB2AFF4EFF0066ED3A /* RoundedCorner+Extension.swift in Sources */,
				052EBBB72AFF4CD90066ED3A /* CategoryView.swift in Sources */,
				05C8FAF22AFF291C00FE633A /* SearchView.swift in Sources */,
				05C8FAE62AFA1AE600FE633A /* FavoriteView.swift in Sources */,
				052EBBB92AFF4D840066ED3A /* BannerView.swift in Sources */,
				05C8FAF02AFF26E900FE633A /* TopView.swift in Sources */,
				052EBBAC2AFF42A00066ED3A /* BigSaleView.swift in Sources */,
				05C8FAE22AFA075A00FE633A /* CustomTabView.swift in Sources */,
			);
			runOnlyForDeploymentPostprocessing = 0;
		};
/* End PBXSourcesBuildPhase section */

/* Begin XCBuildConfiguration section */
		05C8FAB92AF60B3700FE633A /* Debug */ = {
			isa = XCBuildConfiguration;
			buildSettings = {
				ALWAYS_SEARCH_USER_PATHS = NO;
				ASSETCATALOG_COMPILER_GENERATE_SWIFT_ASSET_SYMBOL_EXTENSIONS = YES;
				CLANG_ANALYZER_NONNULL = YES;
				CLANG_ANALYZER_NUMBER_OBJECT_CONVERSION = YES_AGGRESSIVE;
				CLANG_CXX_LANGUAGE_STANDARD = "gnu++20";
				CLANG_ENABLE_MODULES = YES;
				CLANG_ENABLE_OBJC_ARC = YES;
				CLANG_ENABLE_OBJC_WEAK = YES;
				CLANG_WARN_BLOCK_CAPTURE_AUTORELEASING = YES;
				CLANG_WARN_BOOL_CONVERSION = YES;
				CLANG_WARN_COMMA = YES;
				CLANG_WARN_CONSTANT_CONVERSION = YES;
				CLANG_WARN_DEPRECATED_OBJC_IMPLEMENTATIONS = YES;
				CLANG_WARN_DIRECT_OBJC_ISA_USAGE = YES_ERROR;
				CLANG_WARN_DOCUMENTATION_COMMENTS = YES;
				CLANG_WARN_EMPTY_BODY = YES;
				CLANG_WARN_ENUM_CONVERSION = YES;
				CLANG_WARN_INFINITE_RECURSION = YES;
				CLANG_WARN_INT_CONVERSION = YES;
				CLANG_WARN_NON_LITERAL_NULL_CONVERSION = YES;
				CLANG_WARN_OBJC_IMPLICIT_RETAIN_SELF = YES;
				CLANG_WARN_OBJC_LITERAL_CONVERSION = YES;
				CLANG_WARN_OBJC_ROOT_CLASS = YES_ERROR;
				CLANG_WARN_QUOTED_INCLUDE_IN_FRAMEWORK_HEADER = YES;
				CLANG_WARN_RANGE_LOOP_ANALYSIS = YES;
				CLANG_WARN_STRICT_PROTOTYPES = YES;
				CLANG_WARN_SUSPICIOUS_MOVE = YES;
				CLANG_WARN_UNGUARDED_AVAILABILITY = YES_AGGRESSIVE;
				CLANG_WARN_UNREACHABLE_CODE = YES;
				CLANG_WARN__DUPLICATE_METHOD_MATCH = YES;
				COPY_PHASE_STRIP = NO;
				DEBUG_INFORMATION_FORMAT = dwarf;
				ENABLE_STRICT_OBJC_MSGSEND = YES;
				ENABLE_TESTABILITY = YES;
				ENABLE_USER_SCRIPT_SANDBOXING = YES;
				GCC_C_LANGUAGE_STANDARD = gnu17;
				GCC_DYNAMIC_NO_PIC = NO;
				GCC_NO_COMMON_BLOCKS = YES;
				GCC_OPTIMIZATION_LEVEL = 0;
				GCC_PREPROCESSOR_DEFINITIONS = (
					"DEBUG=1",
					"$(inherited)",
				);
				GCC_WARN_64_TO_32_BIT_CONVERSION = YES;
				GCC_WARN_ABOUT_RETURN_TYPE = YES_ERROR;
				GCC_WARN_UNDECLARED_SELECTOR = YES;
				GCC_WARN_UNINITIALIZED_AUTOS = YES_AGGRESSIVE;
				GCC_WARN_UNUSED_FUNCTION = YES;
				GCC_WARN_UNUSED_VARIABLE = YES;
				IPHONEOS_DEPLOYMENT_TARGET = 17.0;
				LOCALIZATION_PREFERS_STRING_CATALOGS = YES;
				MTL_ENABLE_DEBUG_INFO = INCLUDE_SOURCE;
				MTL_FAST_MATH = YES;
				ONLY_ACTIVE_ARCH = YES;
				SDKROOT = iphoneos;
				SWIFT_ACTIVE_COMPILATION_CONDITIONS = "DEBUG $(inherited)";
				SWIFT_OPTIMIZATION_LEVEL = "-Onone";
			};
			name = Debug;
		};
		05C8FABA2AF60B3700FE633A /* Release */ = {
			isa = XCBuildConfiguration;
			buildSettings = {
				ALWAYS_SEARCH_USER_PATHS = NO;
				ASSETCATALOG_COMPILER_GENERATE_SWIFT_ASSET_SYMBOL_EXTENSIONS = YES;
				CLANG_ANALYZER_NONNULL = YES;
				CLANG_ANALYZER_NUMBER_OBJECT_CONVERSION = YES_AGGRESSIVE;
				CLANG_CXX_LANGUAGE_STANDARD = "gnu++20";
				CLANG_ENABLE_MODULES = YES;
				CLANG_ENABLE_OBJC_ARC = YES;
				CLANG_ENABLE_OBJC_WEAK = YES;
				CLANG_WARN_BLOCK_CAPTURE_AUTORELEASING = YES;
				CLANG_WARN_BOOL_CONVERSION = YES;
				CLANG_WARN_COMMA = YES;
				CLANG_WARN_CONSTANT_CONVERSION = YES;
				CLANG_WARN_DEPRECATED_OBJC_IMPLEMENTATIONS = YES;
				CLANG_WARN_DIRECT_OBJC_ISA_USAGE = YES_ERROR;
				CLANG_WARN_DOCUMENTATION_COMMENTS = YES;
				CLANG_WARN_EMPTY_BODY = YES;
				CLANG_WARN_ENUM_CONVERSION = YES;
				CLANG_WARN_INFINITE_RECURSION = YES;
				CLANG_WARN_INT_CONVERSION = YES;
				CLANG_WARN_NON_LITERAL_NULL_CONVERSION = YES;
				CLANG_WARN_OBJC_IMPLICIT_RETAIN_SELF = YES;
				CLANG_WARN_OBJC_LITERAL_CONVERSION = YES;
				CLANG_WARN_OBJC_ROOT_CLASS = YES_ERROR;
				CLANG_WARN_QUOTED_INCLUDE_IN_FRAMEWORK_HEADER = YES;
				CLANG_WARN_RANGE_LOOP_ANALYSIS = YES;
				CLANG_WARN_STRICT_PROTOTYPES = YES;
				CLANG_WARN_SUSPICIOUS_MOVE = YES;
				CLANG_WARN_UNGUARDED_AVAILABILITY = YES_AGGRESSIVE;
				CLANG_WARN_UNREACHABLE_CODE = YES;
				CLANG_WARN__DUPLICATE_METHOD_MATCH = YES;
				COPY_PHASE_STRIP = NO;
				DEBUG_INFORMATION_FORMAT = "dwarf-with-dsym";
				ENABLE_NS_ASSERTIONS = NO;
				ENABLE_STRICT_OBJC_MSGSEND = YES;
				ENABLE_USER_SCRIPT_SANDBOXING = YES;
				GCC_C_LANGUAGE_STANDARD = gnu17;
				GCC_NO_COMMON_BLOCKS = YES;
				GCC_WARN_64_TO_32_BIT_CONVERSION = YES;
				GCC_WARN_ABOUT_RETURN_TYPE = YES_ERROR;
				GCC_WARN_UNDECLARED_SELECTOR = YES;
				GCC_WARN_UNINITIALIZED_AUTOS = YES_AGGRESSIVE;
				GCC_WARN_UNUSED_FUNCTION = YES;
				GCC_WARN_UNUSED_VARIABLE = YES;
				IPHONEOS_DEPLOYMENT_TARGET = 17.0;
				LOCALIZATION_PREFERS_STRING_CATALOGS = YES;
				MTL_ENABLE_DEBUG_INFO = NO;
				MTL_FAST_MATH = YES;
				SDKROOT = iphoneos;
				SWIFT_COMPILATION_MODE = wholemodule;
				VALIDATE_PRODUCT = YES;
			};
			name = Release;
		};
		05C8FABC2AF60B3700FE633A /* Debug */ = {
			isa = XCBuildConfiguration;
			buildSettings = {
				ASSETCATALOG_COMPILER_APPICON_NAME = AppIcon;
				ASSETCATALOG_COMPILER_GLOBAL_ACCENT_COLOR_NAME = AccentColor;
				CODE_SIGN_STYLE = Automatic;
				CURRENT_PROJECT_VERSION = 1;
				DEVELOPMENT_ASSET_PATHS = "\"SixthMission/Preview Content\"";
				DEVELOPMENT_TEAM = 7WULLR98GP;
				ENABLE_PREVIEWS = YES;
				GENERATE_INFOPLIST_FILE = YES;
				INFOPLIST_KEY_UIApplicationSceneManifest_Generation = YES;
				INFOPLIST_KEY_UIApplicationSupportsIndirectInputEvents = YES;
				INFOPLIST_KEY_UILaunchScreen_Generation = YES;
				INFOPLIST_KEY_UISupportedInterfaceOrientations_iPad = "UIInterfaceOrientationPortrait UIInterfaceOrientationPortraitUpsideDown UIInterfaceOrientationLandscapeLeft UIInterfaceOrientationLandscapeRight";
				INFOPLIST_KEY_UISupportedInterfaceOrientations_iPhone = "UIInterfaceOrientationPortrait UIInterfaceOrientationLandscapeLeft UIInterfaceOrientationLandscapeRight";
				LD_RUNPATH_SEARCH_PATHS = (
					"$(inherited)",
					"@executable_path/Frameworks",
				);
				MARKETING_VERSION = 1.0;
				PRODUCT_BUNDLE_IDENTIFIER = com.rafa.SixthMission;
				PRODUCT_NAME = "$(TARGET_NAME)";
				SWIFT_EMIT_LOC_STRINGS = YES;
				SWIFT_VERSION = 5.0;
				TARGETED_DEVICE_FAMILY = "1,2";
			};
			name = Debug;
		};
		05C8FABD2AF60B3700FE633A /* Release */ = {
			isa = XCBuildConfiguration;
			buildSettings = {
				ASSETCATALOG_COMPILER_APPICON_NAME = AppIcon;
				ASSETCATALOG_COMPILER_GLOBAL_ACCENT_COLOR_NAME = AccentColor;
				CODE_SIGN_STYLE = Automatic;
				CURRENT_PROJECT_VERSION = 1;
				DEVELOPMENT_ASSET_PATHS = "\"SixthMission/Preview Content\"";
				DEVELOPMENT_TEAM = 7WULLR98GP;
				ENABLE_PREVIEWS = YES;
				GENERATE_INFOPLIST_FILE = YES;
				INFOPLIST_KEY_UIApplicationSceneManifest_Generation = YES;
				INFOPLIST_KEY_UIApplicationSupportsIndirectInputEvents = YES;
				INFOPLIST_KEY_UILaunchScreen_Generation = YES;
				INFOPLIST_KEY_UISupportedInterfaceOrientations_iPad = "UIInterfaceOrientationPortrait UIInterfaceOrientationPortraitUpsideDown UIInterfaceOrientationLandscapeLeft UIInterfaceOrientationLandscapeRight";
				INFOPLIST_KEY_UISupportedInterfaceOrientations_iPhone = "UIInterfaceOrientationPortrait UIInterfaceOrientationLandscapeLeft UIInterfaceOrientationLandscapeRight";
				LD_RUNPATH_SEARCH_PATHS = (
					"$(inherited)",
					"@executable_path/Frameworks",
				);
				MARKETING_VERSION = 1.0;
				PRODUCT_BUNDLE_IDENTIFIER = com.rafa.SixthMission;
				PRODUCT_NAME = "$(TARGET_NAME)";
				SWIFT_EMIT_LOC_STRINGS = YES;
				SWIFT_VERSION = 5.0;
				TARGETED_DEVICE_FAMILY = "1,2";
			};
			name = Release;
		};
/* End XCBuildConfiguration section */

/* Begin XCConfigurationList section */
		05C8FAA82AF60B3600FE633A /* Build configuration list for PBXProject "SixthMission" */ = {
			isa = XCConfigurationList;
			buildConfigurations = (
				05C8FAB92AF60B3700FE633A /* Debug */,
				05C8FABA2AF60B3700FE633A /* Release */,
			);
			defaultConfigurationIsVisible = 0;
			defaultConfigurationName = Release;
		};
		05C8FABB2AF60B3700FE633A /* Build configuration list for PBXNativeTarget "SixthMission" */ = {
			isa = XCConfigurationList;
			buildConfigurations = (
				05C8FABC2AF60B3700FE633A /* Debug */,
				05C8FABD2AF60B3700FE633A /* Release */,
			);
			defaultConfigurationIsVisible = 0;
			defaultConfigurationName = Release;
		};
/* End XCConfigurationList section */
	};
	rootObject = 05C8FAA52AF60B3600FE633A /* Project object */;
}
