// !$*UTF8*$!
{
	archiveVersion = 1;
	classes = {
	};
	objectVersion = 56;
	objects = {

/* Begin PBXBuildFile section */
		5673A0132B00D4C20026A23F /* WeeklyMission6thApp.swift in Sources */ = {isa = PBXBuildFile; fileRef = 5673A0122B00D4C20026A23F /* WeeklyMission6thApp.swift */; };
		5673A0152B00D4C20026A23F /* ContentView.swift in Sources */ = {isa = PBXBuildFile; fileRef = 5673A0142B00D4C20026A23F /* ContentView.swift */; };
		5673A0172B00D4C40026A23F /* Assets.xcassets in Resources */ = {isa = PBXBuildFile; fileRef = 5673A0162B00D4C40026A23F /* Assets.xcassets */; };
		5673A01A2B00D4C40026A23F /* Preview Assets.xcassets in Resources */ = {isa = PBXBuildFile; fileRef = 5673A0192B00D4C40026A23F /* Preview Assets.xcassets */; };
		5673A04F2B01C4BC0026A23F /* NaviView.swift in Sources */ = {isa = PBXBuildFile; fileRef = 5673A04E2B01C4BC0026A23F /* NaviView.swift */; };
		56B4C9532B0510FE0098670F /* Help.swift in Sources */ = {isa = PBXBuildFile; fileRef = 56B4C9522B0510FE0098670F /* Help.swift */; };
		56B4C9552B051E700098670F /* TabBar.swift in Sources */ = {isa = PBXBuildFile; fileRef = 56B4C9542B051E700098670F /* TabBar.swift */; };
		56E1DA202B03D18B006571F0 /* BaeminOneButton.swift in Sources */ = {isa = PBXBuildFile; fileRef = 56E1DA1F2B03D18B006571F0 /* BaeminOneButton.swift */; };
		56E1DA222B03D578006571F0 /* BaeminOneView.swift in Sources */ = {isa = PBXBuildFile; fileRef = 56E1DA212B03D578006571F0 /* BaeminOneView.swift */; };
		56E1DA242B03DA4F006571F0 /* MainCategoryButton.swift in Sources */ = {isa = PBXBuildFile; fileRef = 56E1DA232B03DA4F006571F0 /* MainCategoryButton.swift */; };
		56E1DA262B050AE3006571F0 /* SearchBar.swift in Sources */ = {isa = PBXBuildFile; fileRef = 56E1DA252B050AE3006571F0 /* SearchBar.swift */; };
/* End PBXBuildFile section */

/* Begin PBXFileReference section */
		5673A00F2B00D4C20026A23F /* WeeklyMission6th.app */ = {isa = PBXFileReference; explicitFileType = wrapper.application; includeInIndex = 0; path = WeeklyMission6th.app; sourceTree = BUILT_PRODUCTS_DIR; };
		5673A0122B00D4C20026A23F /* WeeklyMission6thApp.swift */ = {isa = PBXFileReference; lastKnownFileType = sourcecode.swift; path = WeeklyMission6thApp.swift; sourceTree = "<group>"; };
		5673A0142B00D4C20026A23F /* ContentView.swift */ = {isa = PBXFileReference; lastKnownFileType = sourcecode.swift; path = ContentView.swift; sourceTree = "<group>"; };
		5673A0162B00D4C40026A23F /* Assets.xcassets */ = {isa = PBXFileReference; lastKnownFileType = folder.assetcatalog; path = Assets.xcassets; sourceTree = "<group>"; };
		5673A0192B00D4C40026A23F /* Preview Assets.xcassets */ = {isa = PBXFileReference; lastKnownFileType = folder.assetcatalog; path = "Preview Assets.xcassets"; sourceTree = "<group>"; };
		5673A04E2B01C4BC0026A23F /* NaviView.swift */ = {isa = PBXFileReference; lastKnownFileType = sourcecode.swift; path = NaviView.swift; sourceTree = "<group>"; };
		56B4C9522B0510FE0098670F /* Help.swift */ = {isa = PBXFileReference; lastKnownFileType = sourcecode.swift; path = Help.swift; sourceTree = "<group>"; };
		56B4C9542B051E700098670F /* TabBar.swift */ = {isa = PBXFileReference; lastKnownFileType = sourcecode.swift; path = TabBar.swift; sourceTree = "<group>"; };
		56E1DA1F2B03D18B006571F0 /* BaeminOneButton.swift */ = {isa = PBXFileReference; lastKnownFileType = sourcecode.swift; path = BaeminOneButton.swift; sourceTree = "<group>"; };
		56E1DA212B03D578006571F0 /* BaeminOneView.swift */ = {isa = PBXFileReference; lastKnownFileType = sourcecode.swift; path = BaeminOneView.swift; sourceTree = "<group>"; };
		56E1DA232B03DA4F006571F0 /* MainCategoryButton.swift */ = {isa = PBXFileReference; lastKnownFileType = sourcecode.swift; path = MainCategoryButton.swift; sourceTree = "<group>"; };
		56E1DA252B050AE3006571F0 /* SearchBar.swift */ = {isa = PBXFileReference; lastKnownFileType = sourcecode.swift; path = SearchBar.swift; sourceTree = "<group>"; };
/* End PBXFileReference section */

/* Begin PBXFrameworksBuildPhase section */
		5673A00C2B00D4C20026A23F /* Frameworks */ = {
			isa = PBXFrameworksBuildPhase;
			buildActionMask = 2147483647;
			files = (
			);
			runOnlyForDeploymentPostprocessing = 0;
		};
/* End PBXFrameworksBuildPhase section */

/* Begin PBXGroup section */
		5673A0062B00D4C20026A23F = {
			isa = PBXGroup;
			children = (
				5673A0112B00D4C20026A23F /* WeeklyMission6th */,
				5673A0102B00D4C20026A23F /* Products */,
			);
			sourceTree = "<group>";
		};
		5673A0102B00D4C20026A23F /* Products */ = {
			isa = PBXGroup;
			children = (
				5673A00F2B00D4C20026A23F /* WeeklyMission6th.app */,
			);
			name = Products;
			sourceTree = "<group>";
		};
		5673A0112B00D4C20026A23F /* WeeklyMission6th */ = {
			isa = PBXGroup;
			children = (
				5673A0122B00D4C20026A23F /* WeeklyMission6thApp.swift */,
				56B4C9522B0510FE0098670F /* Help.swift */,
				5673A04D2B01C4AF0026A23F /* Views */,
				5673A0162B00D4C40026A23F /* Assets.xcassets */,
				5673A0182B00D4C40026A23F /* Preview Content */,
			);
			path = WeeklyMission6th;
			sourceTree = "<group>";
		};
		5673A0182B00D4C40026A23F /* Preview Content */ = {
			isa = PBXGroup;
			children = (
				5673A0192B00D4C40026A23F /* Preview Assets.xcassets */,
			);
			path = "Preview Content";
			sourceTree = "<group>";
		};
		5673A04D2B01C4AF0026A23F /* Views */ = {
			isa = PBXGroup;
			children = (
				5673A0142B00D4C20026A23F /* ContentView.swift */,
				5673A04E2B01C4BC0026A23F /* NaviView.swift */,
				56E1DA1F2B03D18B006571F0 /* BaeminOneButton.swift */,
				56E1DA212B03D578006571F0 /* BaeminOneView.swift */,
				56E1DA232B03DA4F006571F0 /* MainCategoryButton.swift */,
				56E1DA252B050AE3006571F0 /* SearchBar.swift */,
				56B4C9542B051E700098670F /* TabBar.swift */,
			);
			path = Views;
			sourceTree = "<group>";
		};
/* End PBXGroup section */

/* Begin PBXNativeTarget section */
		5673A00E2B00D4C20026A23F /* WeeklyMission6th */ = {
			isa = PBXNativeTarget;
			buildConfigurationList = 5673A01D2B00D4C40026A23F /* Build configuration list for PBXNativeTarget "WeeklyMission6th" */;
			buildPhases = (
				5673A00B2B00D4C20026A23F /* Sources */,
				5673A00C2B00D4C20026A23F /* Frameworks */,
				5673A00D2B00D4C20026A23F /* Resources */,
			);
			buildRules = (
			);
			dependencies = (
			);
			name = WeeklyMission6th;
			productName = WeeklyMission6th;
			productReference = 5673A00F2B00D4C20026A23F /* WeeklyMission6th.app */;
			productType = "com.apple.product-type.application";
		};
/* End PBXNativeTarget section */

/* Begin PBXProject section */
		5673A0072B00D4C20026A23F /* Project object */ = {
			isa = PBXProject;
			attributes = {
				BuildIndependentTargetsInParallel = 1;
				LastSwiftUpdateCheck = 1500;
				LastUpgradeCheck = 1500;
				TargetAttributes = {
					5673A00E2B00D4C20026A23F = {
						CreatedOnToolsVersion = 15.0.1;
					};
				};
			};
			buildConfigurationList = 5673A00A2B00D4C20026A23F /* Build configuration list for PBXProject "WeeklyMission6th" */;
			compatibilityVersion = "Xcode 14.0";
			developmentRegion = en;
			hasScannedForEncodings = 0;
			knownRegions = (
				en,
				Base,
			);
			mainGroup = 5673A0062B00D4C20026A23F;
			productRefGroup = 5673A0102B00D4C20026A23F /* Products */;
			projectDirPath = "";
			projectRoot = "";
			targets = (
				5673A00E2B00D4C20026A23F /* WeeklyMission6th */,
			);
		};
/* End PBXProject section */

/* Begin PBXResourcesBuildPhase section */
		5673A00D2B00D4C20026A23F /* Resources */ = {
			isa = PBXResourcesBuildPhase;
			buildActionMask = 2147483647;
			files = (
				5673A01A2B00D4C40026A23F /* Preview Assets.xcassets in Resources */,
				5673A0172B00D4C40026A23F /* Assets.xcassets in Resources */,
			);
			runOnlyForDeploymentPostprocessing = 0;
		};
/* End PBXResourcesBuildPhase section */

/* Begin PBXSourcesBuildPhase section */
		5673A00B2B00D4C20026A23F /* Sources */ = {
			isa = PBXSourcesBuildPhase;
			buildActionMask = 2147483647;
			files = (
				56B4C9552B051E700098670F /* TabBar.swift in Sources */,
				5673A0152B00D4C20026A23F /* ContentView.swift in Sources */,
				56E1DA262B050AE3006571F0 /* SearchBar.swift in Sources */,
				5673A04F2B01C4BC0026A23F /* NaviView.swift in Sources */,
				56E1DA242B03DA4F006571F0 /* MainCategoryButton.swift in Sources */,
				56E1DA202B03D18B006571F0 /* BaeminOneButton.swift in Sources */,
				56E1DA222B03D578006571F0 /* BaeminOneView.swift in Sources */,
				56B4C9532B0510FE0098670F /* Help.swift in Sources */,
				5673A0132B00D4C20026A23F /* WeeklyMission6thApp.swift in Sources */,
			);
			runOnlyForDeploymentPostprocessing = 0;
		};
/* End PBXSourcesBuildPhase section */

/* Begin XCBuildConfiguration section */
		5673A01B2B00D4C40026A23F /* Debug */ = {
			isa = XCBuildConfiguration;
			buildSettings = {
				ALWAYS_SEARCH_USER_PATHS = NO;
				ASSETCATALOG_COMPILER_GENERATE_SWIFT_ASSET_SYMBOL_EXTENSIONS = YES;
				CLANG_ANALYZER_NONNULL = YES;
				CLANG_ANALYZER_NUMBER_OBJECT_CONVERSION = YES_AGGRESSIVE;
				CLANG_CXX_LANGUAGE_STANDARD = "gnu++20";
				CLANG_ENABLE_MODULES = YES;
				CLANG_ENABLE_OBJC_ARC = YES;
				CLANG_ENABLE_OBJC_WEAK = YES;
				CLANG_WARN_BLOCK_CAPTURE_AUTORELEASING = YES;
				CLANG_WARN_BOOL_CONVERSION = YES;
				CLANG_WARN_COMMA = YES;
				CLANG_WARN_CONSTANT_CONVERSION = YES;
				CLANG_WARN_DEPRECATED_OBJC_IMPLEMENTATIONS = YES;
				CLANG_WARN_DIRECT_OBJC_ISA_USAGE = YES_ERROR;
				CLANG_WARN_DOCUMENTATION_COMMENTS = YES;
				CLANG_WARN_EMPTY_BODY = YES;
				CLANG_WARN_ENUM_CONVERSION = YES;
				CLANG_WARN_INFINITE_RECURSION = YES;
				CLANG_WARN_INT_CONVERSION = YES;
				CLANG_WARN_NON_LITERAL_NULL_CONVERSION = YES;
				CLANG_WARN_OBJC_IMPLICIT_RETAIN_SELF = YES;
				CLANG_WARN_OBJC_LITERAL_CONVERSION = YES;
				CLANG_WARN_OBJC_ROOT_CLASS = YES_ERROR;
				CLANG_WARN_QUOTED_INCLUDE_IN_FRAMEWORK_HEADER = YES;
				CLANG_WARN_RANGE_LOOP_ANALYSIS = YES;
				CLANG_WARN_STRICT_PROTOTYPES = YES;
				CLANG_WARN_SUSPICIOUS_MOVE = YES;
				CLANG_WARN_UNGUARDED_AVAILABILITY = YES_AGGRESSIVE;
				CLANG_WARN_UNREACHABLE_CODE = YES;
				CLANG_WARN__DUPLICATE_METHOD_MATCH = YES;
				COPY_PHASE_STRIP = NO;
				DEBUG_INFORMATION_FORMAT = dwarf;
				ENABLE_STRICT_OBJC_MSGSEND = YES;
				ENABLE_TESTABILITY = YES;
				ENABLE_USER_SCRIPT_SANDBOXING = YES;
				GCC_C_LANGUAGE_STANDARD = gnu17;
				GCC_DYNAMIC_NO_PIC = NO;
				GCC_NO_COMMON_BLOCKS = YES;
				GCC_OPTIMIZATION_LEVEL = 0;
				GCC_PREPROCESSOR_DEFINITIONS = (
					"DEBUG=1",
					"$(inherited)",
				);
				GCC_WARN_64_TO_32_BIT_CONVERSION = YES;
				GCC_WARN_ABOUT_RETURN_TYPE = YES_ERROR;
				GCC_WARN_UNDECLARED_SELECTOR = YES;
				GCC_WARN_UNINITIALIZED_AUTOS = YES_AGGRESSIVE;
				GCC_WARN_UNUSED_FUNCTION = YES;
				GCC_WARN_UNUSED_VARIABLE = YES;
				IPHONEOS_DEPLOYMENT_TARGET = 17.0;
				LOCALIZATION_PREFERS_STRING_CATALOGS = YES;
				MTL_ENABLE_DEBUG_INFO = INCLUDE_SOURCE;
				MTL_FAST_MATH = YES;
				ONLY_ACTIVE_ARCH = YES;
				SDKROOT = iphoneos;
				SWIFT_ACTIVE_COMPILATION_CONDITIONS = "DEBUG $(inherited)";
				SWIFT_OPTIMIZATION_LEVEL = "-Onone";
			};
			name = Debug;
		};
		5673A01C2B00D4C40026A23F /* Release */ = {
			isa = XCBuildConfiguration;
			buildSettings = {
				ALWAYS_SEARCH_USER_PATHS = NO;
				ASSETCATALOG_COMPILER_GENERATE_SWIFT_ASSET_SYMBOL_EXTENSIONS = YES;
				CLANG_ANALYZER_NONNULL = YES;
				CLANG_ANALYZER_NUMBER_OBJECT_CONVERSION = YES_AGGRESSIVE;
				CLANG_CXX_LANGUAGE_STANDARD = "gnu++20";
				CLANG_ENABLE_MODULES = YES;
				CLANG_ENABLE_OBJC_ARC = YES;
				CLANG_ENABLE_OBJC_WEAK = YES;
				CLANG_WARN_BLOCK_CAPTURE_AUTORELEASING = YES;
				CLANG_WARN_BOOL_CONVERSION = YES;
				CLANG_WARN_COMMA = YES;
				CLANG_WARN_CONSTANT_CONVERSION = YES;
				CLANG_WARN_DEPRECATED_OBJC_IMPLEMENTATIONS = YES;
				CLANG_WARN_DIRECT_OBJC_ISA_USAGE = YES_ERROR;
				CLANG_WARN_DOCUMENTATION_COMMENTS = YES;
				CLANG_WARN_EMPTY_BODY = YES;
				CLANG_WARN_ENUM_CONVERSION = YES;
				CLANG_WARN_INFINITE_RECURSION = YES;
				CLANG_WARN_INT_CONVERSION = YES;
				CLANG_WARN_NON_LITERAL_NULL_CONVERSION = YES;
				CLANG_WARN_OBJC_IMPLICIT_RETAIN_SELF = YES;
				CLANG_WARN_OBJC_LITERAL_CONVERSION = YES;
				CLANG_WARN_OBJC_ROOT_CLASS = YES_ERROR;
				CLANG_WARN_QUOTED_INCLUDE_IN_FRAMEWORK_HEADER = YES;
				CLANG_WARN_RANGE_LOOP_ANALYSIS = YES;
				CLANG_WARN_STRICT_PROTOTYPES = YES;
				CLANG_WARN_SUSPICIOUS_MOVE = YES;
				CLANG_WARN_UNGUARDED_AVAILABILITY = YES_AGGRESSIVE;
				CLANG_WARN_UNREACHABLE_CODE = YES;
				CLANG_WARN__DUPLICATE_METHOD_MATCH = YES;
				COPY_PHASE_STRIP = NO;
				DEBUG_INFORMATION_FORMAT = "dwarf-with-dsym";
				ENABLE_NS_ASSERTIONS = NO;
				ENABLE_STRICT_OBJC_MSGSEND = YES;
				ENABLE_USER_SCRIPT_SANDBOXING = YES;
				GCC_C_LANGUAGE_STANDARD = gnu17;
				GCC_NO_COMMON_BLOCKS = YES;
				GCC_WARN_64_TO_32_BIT_CONVERSION = YES;
				GCC_WARN_ABOUT_RETURN_TYPE = YES_ERROR;
				GCC_WARN_UNDECLARED_SELECTOR = YES;
				GCC_WARN_UNINITIALIZED_AUTOS = YES_AGGRESSIVE;
				GCC_WARN_UNUSED_FUNCTION = YES;
				GCC_WARN_UNUSED_VARIABLE = YES;
				IPHONEOS_DEPLOYMENT_TARGET = 17.0;
				LOCALIZATION_PREFERS_STRING_CATALOGS = YES;
				MTL_ENABLE_DEBUG_INFO = NO;
				MTL_FAST_MATH = YES;
				SDKROOT = iphoneos;
				SWIFT_COMPILATION_MODE = wholemodule;
				VALIDATE_PRODUCT = YES;
			};
			name = Release;
		};
		5673A01E2B00D4C40026A23F /* Debug */ = {
			isa = XCBuildConfiguration;
			buildSettings = {
				ASSETCATALOG_COMPILER_APPICON_NAME = AppIcon;
				ASSETCATALOG_COMPILER_GLOBAL_ACCENT_COLOR_NAME = AccentColor;
				CODE_SIGN_STYLE = Automatic;
				CURRENT_PROJECT_VERSION = 1;
				DEVELOPMENT_ASSET_PATHS = "\"WeeklyMission6th/Preview Content\"";
				DEVELOPMENT_TEAM = 5JD4YAFH7N;
				ENABLE_PREVIEWS = YES;
				GENERATE_INFOPLIST_FILE = YES;
				INFOPLIST_KEY_UIApplicationSceneManifest_Generation = YES;
				INFOPLIST_KEY_UIApplicationSupportsIndirectInputEvents = YES;
				INFOPLIST_KEY_UILaunchScreen_Generation = YES;
				INFOPLIST_KEY_UISupportedInterfaceOrientations_iPad = "UIInterfaceOrientationPortrait UIInterfaceOrientationPortraitUpsideDown UIInterfaceOrientationLandscapeLeft UIInterfaceOrientationLandscapeRight";
				INFOPLIST_KEY_UISupportedInterfaceOrientations_iPhone = "UIInterfaceOrientationPortrait UIInterfaceOrientationLandscapeLeft UIInterfaceOrientationLandscapeRight";
				LD_RUNPATH_SEARCH_PATHS = (
					"$(inherited)",
					"@executable_path/Frameworks",
				);
				MARKETING_VERSION = 1.0;
				PRODUCT_BUNDLE_IDENTIFIER = reo.com.WeeklyMission6th;
				PRODUCT_NAME = "$(TARGET_NAME)";
				SWIFT_EMIT_LOC_STRINGS = YES;
				SWIFT_VERSION = 5.0;
				TARGETED_DEVICE_FAMILY = "1,2";
			};
			name = Debug;
		};
		5673A01F2B00D4C40026A23F /* Release */ = {
			isa = XCBuildConfiguration;
			buildSettings = {
				ASSETCATALOG_COMPILER_APPICON_NAME = AppIcon;
				ASSETCATALOG_COMPILER_GLOBAL_ACCENT_COLOR_NAME = AccentColor;
				CODE_SIGN_STYLE = Automatic;
				CURRENT_PROJECT_VERSION = 1;
				DEVELOPMENT_ASSET_PATHS = "\"WeeklyMission6th/Preview Content\"";
				DEVELOPMENT_TEAM = 5JD4YAFH7N;
				ENABLE_PREVIEWS = YES;
				GENERATE_INFOPLIST_FILE = YES;
				INFOPLIST_KEY_UIApplicationSceneManifest_Generation = YES;
				INFOPLIST_KEY_UIApplicationSupportsIndirectInputEvents = YES;
				INFOPLIST_KEY_UILaunchScreen_Generation = YES;
				INFOPLIST_KEY_UISupportedInterfaceOrientations_iPad = "UIInterfaceOrientationPortrait UIInterfaceOrientationPortraitUpsideDown UIInterfaceOrientationLandscapeLeft UIInterfaceOrientationLandscapeRight";
				INFOPLIST_KEY_UISupportedInterfaceOrientations_iPhone = "UIInterfaceOrientationPortrait UIInterfaceOrientationLandscapeLeft UIInterfaceOrientationLandscapeRight";
				LD_RUNPATH_SEARCH_PATHS = (
					"$(inherited)",
					"@executable_path/Frameworks",
				);
				MARKETING_VERSION = 1.0;
				PRODUCT_BUNDLE_IDENTIFIER = reo.com.WeeklyMission6th;
				PRODUCT_NAME = "$(TARGET_NAME)";
				SWIFT_EMIT_LOC_STRINGS = YES;
				SWIFT_VERSION = 5.0;
				TARGETED_DEVICE_FAMILY = "1,2";
			};
			name = Release;
		};
/* End XCBuildConfiguration section */

/* Begin XCConfigurationList section */
		5673A00A2B00D4C20026A23F /* Build configuration list for PBXProject "WeeklyMission6th" */ = {
			isa = XCConfigurationList;
			buildConfigurations = (
				5673A01B2B00D4C40026A23F /* Debug */,
				5673A01C2B00D4C40026A23F /* Release */,
			);
			defaultConfigurationIsVisible = 0;
			defaultConfigurationName = Release;
		};
		5673A01D2B00D4C40026A23F /* Build configuration list for PBXNativeTarget "WeeklyMission6th" */ = {
			isa = XCConfigurationList;
			buildConfigurations = (
				5673A01E2B00D4C40026A23F /* Debug */,
				5673A01F2B00D4C40026A23F /* Release */,
			);
			defaultConfigurationIsVisible = 0;
			defaultConfigurationName = Release;
		};
/* End XCConfigurationList section */
	};
	rootObject = 5673A0072B00D4C20026A23F /* Project object */;
}
